// !$*UTF8*$!
{
	archiveVersion = 1;
	classes = {
	};
	objectVersion = 55;
	objects = {

/* Begin PBXBuildFile section */
		15CB1119D08BED9CBDA2439B /* Pods_TodoListApp_TodoListAppUITests.framework in Frameworks */ = {isa = PBXBuildFile; fileRef = 14BDD42797B19845FDD28FA9 /* Pods_TodoListApp_TodoListAppUITests.framework */; };
		69FA1B8440F0C99861A3711D /* Pods_TodoListAppTests.framework in Frameworks */ = {isa = PBXBuildFile; fileRef = 0692630B7711BEAC55E8E60B /* Pods_TodoListAppTests.framework */; };
		6BE33E244C88A7744B011A3B /* Pods_TodoListApp.framework in Frameworks */ = {isa = PBXBuildFile; fileRef = C307DD9D9672E54279DA94EC /* Pods_TodoListApp.framework */; };
		9692BB93294141A400CAF3CC /* AppDelegate.swift in Sources */ = {isa = PBXBuildFile; fileRef = 9692BB92294141A400CAF3CC /* AppDelegate.swift */; };
		9692BB95294141A400CAF3CC /* SceneDelegate.swift in Sources */ = {isa = PBXBuildFile; fileRef = 9692BB94294141A400CAF3CC /* SceneDelegate.swift */; };
		9692BB97294141A400CAF3CC /* ViewController.swift in Sources */ = {isa = PBXBuildFile; fileRef = 9692BB96294141A400CAF3CC /* ViewController.swift */; };
		9692BB9A294141A400CAF3CC /* Main.storyboard in Resources */ = {isa = PBXBuildFile; fileRef = 9692BB98294141A400CAF3CC /* Main.storyboard */; };
		9692BB9C294141A400CAF3CC /* Assets.xcassets in Resources */ = {isa = PBXBuildFile; fileRef = 9692BB9B294141A400CAF3CC /* Assets.xcassets */; };
		9692BB9F294141A400CAF3CC /* LaunchScreen.storyboard in Resources */ = {isa = PBXBuildFile; fileRef = 9692BB9D294141A400CAF3CC /* LaunchScreen.storyboard */; };
		9692BBAA294141A500CAF3CC /* TodoListAppTests.swift in Sources */ = {isa = PBXBuildFile; fileRef = 9692BBA9294141A500CAF3CC /* TodoListAppTests.swift */; };
		9692BBB4294141A500CAF3CC /* TodoListAppUITests.swift in Sources */ = {isa = PBXBuildFile; fileRef = 9692BBB3294141A500CAF3CC /* TodoListAppUITests.swift */; };
		9692BBB6294141A500CAF3CC /* TodoListAppUITestsLaunchTests.swift in Sources */ = {isa = PBXBuildFile; fileRef = 9692BBB5294141A500CAF3CC /* TodoListAppUITestsLaunchTests.swift */; };
		9697C858294251CF00B37015 /* EmptyTableCell.swift in Sources */ = {isa = PBXBuildFile; fileRef = 9697C856294251CF00B37015 /* EmptyTableCell.swift */; };
		9697C859294251CF00B37015 /* EmptyTableCell.xib in Resources */ = {isa = PBXBuildFile; fileRef = 9697C857294251CF00B37015 /* EmptyTableCell.xib */; };
		9697C85B29425C6400B37015 /* TaskTableCell.swift in Sources */ = {isa = PBXBuildFile; fileRef = 9697C85A29425C6400B37015 /* TaskTableCell.swift */; };
		969EABA629421D7000984EB1 /* InitialTasks.storyboard in Resources */ = {isa = PBXBuildFile; fileRef = 969EABA529421D7000984EB1 /* InitialTasks.storyboard */; };
		969EABA829422DB400984EB1 /* LoginViewController.swift in Sources */ = {isa = PBXBuildFile; fileRef = 969EABA729422DB400984EB1 /* LoginViewController.swift */; };
		969EABAA29422DEA00984EB1 /* ListTaskViewController.swift in Sources */ = {isa = PBXBuildFile; fileRef = 969EABA929422DEA00984EB1 /* ListTaskViewController.swift */; };
		969EABAC29422E2100984EB1 /* TaskManagerTableViewController.swift in Sources */ = {isa = PBXBuildFile; fileRef = 969EABAB29422E2100984EB1 /* TaskManagerTableViewController.swift */; };
		96AACE3929475A0E00BC0C2A /* TimePicker.storyboard in Resources */ = {isa = PBXBuildFile; fileRef = 96AACE3829475A0E00BC0C2A /* TimePicker.storyboard */; };
		96AACE3B29475A4D00BC0C2A /* TimePickerController.swift in Sources */ = {isa = PBXBuildFile; fileRef = 96AACE3A29475A4D00BC0C2A /* TimePickerController.swift */; };
		96AACE3E29476E6500BC0C2A /* Date.swift in Sources */ = {isa = PBXBuildFile; fileRef = 96AACE3D29476E6500BC0C2A /* Date.swift */; };
/* End PBXBuildFile section */

/* Begin PBXContainerItemProxy section */
		9692BBA6294141A500CAF3CC /* PBXContainerItemProxy */ = {
			isa = PBXContainerItemProxy;
			containerPortal = 9692BB87294141A400CAF3CC /* Project object */;
			proxyType = 1;
			remoteGlobalIDString = 9692BB8E294141A400CAF3CC;
			remoteInfo = TodoListApp;
		};
		9692BBB0294141A500CAF3CC /* PBXContainerItemProxy */ = {
			isa = PBXContainerItemProxy;
			containerPortal = 9692BB87294141A400CAF3CC /* Project object */;
			proxyType = 1;
			remoteGlobalIDString = 9692BB8E294141A400CAF3CC;
			remoteInfo = TodoListApp;
		};
/* End PBXContainerItemProxy section */

/* Begin PBXFileReference section */
		0692630B7711BEAC55E8E60B /* Pods_TodoListAppTests.framework */ = {isa = PBXFileReference; explicitFileType = wrapper.framework; includeInIndex = 0; path = Pods_TodoListAppTests.framework; sourceTree = BUILT_PRODUCTS_DIR; };
		14BDD42797B19845FDD28FA9 /* Pods_TodoListApp_TodoListAppUITests.framework */ = {isa = PBXFileReference; explicitFileType = wrapper.framework; includeInIndex = 0; path = Pods_TodoListApp_TodoListAppUITests.framework; sourceTree = BUILT_PRODUCTS_DIR; };
		16AA8B899A588D2AA12195D5 /* Pods-TodoListApp.debug.xcconfig */ = {isa = PBXFileReference; includeInIndex = 1; lastKnownFileType = text.xcconfig; name = "Pods-TodoListApp.debug.xcconfig"; path = "Target Support Files/Pods-TodoListApp/Pods-TodoListApp.debug.xcconfig"; sourceTree = "<group>"; };
		63A9B39FA19CBEE22EEAAE5B /* Pods-TodoListApp-TodoListAppUITests.debug.xcconfig */ = {isa = PBXFileReference; includeInIndex = 1; lastKnownFileType = text.xcconfig; name = "Pods-TodoListApp-TodoListAppUITests.debug.xcconfig"; path = "Target Support Files/Pods-TodoListApp-TodoListAppUITests/Pods-TodoListApp-TodoListAppUITests.debug.xcconfig"; sourceTree = "<group>"; };
		6CF0D00F16E285D476E869DA /* Pods-TodoListApp.release.xcconfig */ = {isa = PBXFileReference; includeInIndex = 1; lastKnownFileType = text.xcconfig; name = "Pods-TodoListApp.release.xcconfig"; path = "Target Support Files/Pods-TodoListApp/Pods-TodoListApp.release.xcconfig"; sourceTree = "<group>"; };
		9692BB8F294141A400CAF3CC /* TodoListApp.app */ = {isa = PBXFileReference; explicitFileType = wrapper.application; includeInIndex = 0; path = TodoListApp.app; sourceTree = BUILT_PRODUCTS_DIR; };
		9692BB92294141A400CAF3CC /* AppDelegate.swift */ = {isa = PBXFileReference; lastKnownFileType = sourcecode.swift; path = AppDelegate.swift; sourceTree = "<group>"; };
		9692BB94294141A400CAF3CC /* SceneDelegate.swift */ = {isa = PBXFileReference; lastKnownFileType = sourcecode.swift; path = SceneDelegate.swift; sourceTree = "<group>"; };
		9692BB96294141A400CAF3CC /* ViewController.swift */ = {isa = PBXFileReference; lastKnownFileType = sourcecode.swift; path = ViewController.swift; sourceTree = "<group>"; };
		9692BB99294141A400CAF3CC /* Base */ = {isa = PBXFileReference; lastKnownFileType = file.storyboard; name = Base; path = Base.lproj/Main.storyboard; sourceTree = "<group>"; };
		9692BB9B294141A400CAF3CC /* Assets.xcassets */ = {isa = PBXFileReference; lastKnownFileType = folder.assetcatalog; path = Assets.xcassets; sourceTree = "<group>"; };
		9692BB9E294141A400CAF3CC /* Base */ = {isa = PBXFileReference; lastKnownFileType = file.storyboard; name = Base; path = Base.lproj/LaunchScreen.storyboard; sourceTree = "<group>"; };
		9692BBA0294141A400CAF3CC /* Info.plist */ = {isa = PBXFileReference; lastKnownFileType = text.plist.xml; path = Info.plist; sourceTree = "<group>"; };
		9692BBA5294141A500CAF3CC /* TodoListAppTests.xctest */ = {isa = PBXFileReference; explicitFileType = wrapper.cfbundle; includeInIndex = 0; path = TodoListAppTests.xctest; sourceTree = BUILT_PRODUCTS_DIR; };
		9692BBA9294141A500CAF3CC /* TodoListAppTests.swift */ = {isa = PBXFileReference; lastKnownFileType = sourcecode.swift; path = TodoListAppTests.swift; sourceTree = "<group>"; };
		9692BBAF294141A500CAF3CC /* TodoListAppUITests.xctest */ = {isa = PBXFileReference; explicitFileType = wrapper.cfbundle; includeInIndex = 0; path = TodoListAppUITests.xctest; sourceTree = BUILT_PRODUCTS_DIR; };
		9692BBB3294141A500CAF3CC /* TodoListAppUITests.swift */ = {isa = PBXFileReference; lastKnownFileType = sourcecode.swift; path = TodoListAppUITests.swift; sourceTree = "<group>"; };
		9692BBB5294141A500CAF3CC /* TodoListAppUITestsLaunchTests.swift */ = {isa = PBXFileReference; lastKnownFileType = sourcecode.swift; path = TodoListAppUITestsLaunchTests.swift; sourceTree = "<group>"; };
		9697C856294251CF00B37015 /* EmptyTableCell.swift */ = {isa = PBXFileReference; lastKnownFileType = sourcecode.swift; path = EmptyTableCell.swift; sourceTree = "<group>"; };
		9697C857294251CF00B37015 /* EmptyTableCell.xib */ = {isa = PBXFileReference; lastKnownFileType = file.xib; path = EmptyTableCell.xib; sourceTree = "<group>"; };
		9697C85A29425C6400B37015 /* TaskTableCell.swift */ = {isa = PBXFileReference; lastKnownFileType = sourcecode.swift; path = TaskTableCell.swift; sourceTree = "<group>"; };
		969EABA529421D7000984EB1 /* InitialTasks.storyboard */ = {isa = PBXFileReference; lastKnownFileType = file.storyboard; path = InitialTasks.storyboard; sourceTree = "<group>"; };
		969EABA729422DB400984EB1 /* LoginViewController.swift */ = {isa = PBXFileReference; lastKnownFileType = sourcecode.swift; path = LoginViewController.swift; sourceTree = "<group>"; };
		969EABA929422DEA00984EB1 /* ListTaskViewController.swift */ = {isa = PBXFileReference; lastKnownFileType = sourcecode.swift; path = ListTaskViewController.swift; sourceTree = "<group>"; };
		969EABAB29422E2100984EB1 /* TaskManagerTableViewController.swift */ = {isa = PBXFileReference; lastKnownFileType = sourcecode.swift; path = TaskManagerTableViewController.swift; sourceTree = "<group>"; };
		96AACE3829475A0E00BC0C2A /* TimePicker.storyboard */ = {isa = PBXFileReference; lastKnownFileType = file.storyboard; path = TimePicker.storyboard; sourceTree = "<group>"; };
		96AACE3A29475A4D00BC0C2A /* TimePickerController.swift */ = {isa = PBXFileReference; lastKnownFileType = sourcecode.swift; path = TimePickerController.swift; sourceTree = "<group>"; };
		96AACE3D29476E6500BC0C2A /* Date.swift */ = {isa = PBXFileReference; lastKnownFileType = sourcecode.swift; path = Date.swift; sourceTree = "<group>"; };
		A409FD573051209F1156D30F /* Pods-TodoListAppTests.debug.xcconfig */ = {isa = PBXFileReference; includeInIndex = 1; lastKnownFileType = text.xcconfig; name = "Pods-TodoListAppTests.debug.xcconfig"; path = "Target Support Files/Pods-TodoListAppTests/Pods-TodoListAppTests.debug.xcconfig"; sourceTree = "<group>"; };
		B63A054D41265295AF23C261 /* Pods-TodoListAppTests.release.xcconfig */ = {isa = PBXFileReference; includeInIndex = 1; lastKnownFileType = text.xcconfig; name = "Pods-TodoListAppTests.release.xcconfig"; path = "Target Support Files/Pods-TodoListAppTests/Pods-TodoListAppTests.release.xcconfig"; sourceTree = "<group>"; };
		C307DD9D9672E54279DA94EC /* Pods_TodoListApp.framework */ = {isa = PBXFileReference; explicitFileType = wrapper.framework; includeInIndex = 0; path = Pods_TodoListApp.framework; sourceTree = BUILT_PRODUCTS_DIR; };
		E232EFE17EF3214CCEE7D907 /* Pods-TodoListApp-TodoListAppUITests.release.xcconfig */ = {isa = PBXFileReference; includeInIndex = 1; lastKnownFileType = text.xcconfig; name = "Pods-TodoListApp-TodoListAppUITests.release.xcconfig"; path = "Target Support Files/Pods-TodoListApp-TodoListAppUITests/Pods-TodoListApp-TodoListAppUITests.release.xcconfig"; sourceTree = "<group>"; };
/* End PBXFileReference section */

/* Begin PBXFrameworksBuildPhase section */
		9692BB8C294141A400CAF3CC /* Frameworks */ = {
			isa = PBXFrameworksBuildPhase;
			buildActionMask = 2147483647;
			files = (
				6BE33E244C88A7744B011A3B /* Pods_TodoListApp.framework in Frameworks */,
			);
			runOnlyForDeploymentPostprocessing = 0;
		};
		9692BBA2294141A500CAF3CC /* Frameworks */ = {
			isa = PBXFrameworksBuildPhase;
			buildActionMask = 2147483647;
			files = (
				69FA1B8440F0C99861A3711D /* Pods_TodoListAppTests.framework in Frameworks */,
			);
			runOnlyForDeploymentPostprocessing = 0;
		};
		9692BBAC294141A500CAF3CC /* Frameworks */ = {
			isa = PBXFrameworksBuildPhase;
			buildActionMask = 2147483647;
			files = (
				15CB1119D08BED9CBDA2439B /* Pods_TodoListApp_TodoListAppUITests.framework in Frameworks */,
			);
			runOnlyForDeploymentPostprocessing = 0;
		};
/* End PBXFrameworksBuildPhase section */

/* Begin PBXGroup section */
		2B3EE84A02D52605CCF359EB /* Pods */ = {
			isa = PBXGroup;
			children = (
				16AA8B899A588D2AA12195D5 /* Pods-TodoListApp.debug.xcconfig */,
				6CF0D00F16E285D476E869DA /* Pods-TodoListApp.release.xcconfig */,
				63A9B39FA19CBEE22EEAAE5B /* Pods-TodoListApp-TodoListAppUITests.debug.xcconfig */,
				E232EFE17EF3214CCEE7D907 /* Pods-TodoListApp-TodoListAppUITests.release.xcconfig */,
				A409FD573051209F1156D30F /* Pods-TodoListAppTests.debug.xcconfig */,
				B63A054D41265295AF23C261 /* Pods-TodoListAppTests.release.xcconfig */,
			);
			path = Pods;
			sourceTree = "<group>";
		};
		9692BB86294141A400CAF3CC = {
			isa = PBXGroup;
			children = (
				9692BB91294141A400CAF3CC /* TodoListApp */,
				9692BBA8294141A500CAF3CC /* TodoListAppTests */,
				9692BBB2294141A500CAF3CC /* TodoListAppUITests */,
				9692BB90294141A400CAF3CC /* Products */,
				2B3EE84A02D52605CCF359EB /* Pods */,
				E98110A9773C14AAB9AC8782 /* Frameworks */,
			);
			sourceTree = "<group>";
		};
		9692BB90294141A400CAF3CC /* Products */ = {
			isa = PBXGroup;
			children = (
				9692BB8F294141A400CAF3CC /* TodoListApp.app */,
				9692BBA5294141A500CAF3CC /* TodoListAppTests.xctest */,
				9692BBAF294141A500CAF3CC /* TodoListAppUITests.xctest */,
			);
			name = Products;
			sourceTree = "<group>";
		};
		9692BB91294141A400CAF3CC /* TodoListApp */ = {
			isa = PBXGroup;
			children = (
				9692BBC62941426F00CAF3CC /* Sources */,
				9692BB92294141A400CAF3CC /* AppDelegate.swift */,
				9692BB94294141A400CAF3CC /* SceneDelegate.swift */,
				9692BB96294141A400CAF3CC /* ViewController.swift */,
				9692BB98294141A400CAF3CC /* Main.storyboard */,
				9692BB9B294141A400CAF3CC /* Assets.xcassets */,
				9692BB9D294141A400CAF3CC /* LaunchScreen.storyboard */,
				9692BBA0294141A400CAF3CC /* Info.plist */,
			);
			path = TodoListApp;
			sourceTree = "<group>";
		};
		9692BBA8294141A500CAF3CC /* TodoListAppTests */ = {
			isa = PBXGroup;
			children = (
				9692BBA9294141A500CAF3CC /* TodoListAppTests.swift */,
			);
			path = TodoListAppTests;
			sourceTree = "<group>";
		};
		9692BBB2294141A500CAF3CC /* TodoListAppUITests */ = {
			isa = PBXGroup;
			children = (
				9692BBB3294141A500CAF3CC /* TodoListAppUITests.swift */,
				9692BBB5294141A500CAF3CC /* TodoListAppUITestsLaunchTests.swift */,
			);
			path = TodoListAppUITests;
			sourceTree = "<group>";
		};
		9692BBC62941426F00CAF3CC /* Sources */ = {
			isa = PBXGroup;
			children = (
				96AACE3C29476E4E00BC0C2A /* Extensions */,
				96AACE37294759F300BC0C2A /* Components */,
				9692BBC9294142D400CAF3CC /* Controller */,
				9692BBC8294142CC00CAF3CC /* View */,
				9692BBC7294142C500CAF3CC /* Model */,
			);
			path = Sources;
			sourceTree = "<group>";
		};
		9692BBC7294142C500CAF3CC /* Model */ = {
			isa = PBXGroup;
			children = (
			);
			path = Model;
			sourceTree = "<group>";
		};
		9692BBC8294142CC00CAF3CC /* View */ = {
			isa = PBXGroup;
			children = (
				9697C8552942518900B37015 /* Cell */,
				969EABA529421D7000984EB1 /* InitialTasks.storyboard */,
			);
			path = View;
			sourceTree = "<group>";
		};
		9692BBC9294142D400CAF3CC /* Controller */ = {
			isa = PBXGroup;
			children = (
				969EABA729422DB400984EB1 /* LoginViewController.swift */,
				969EABA929422DEA00984EB1 /* ListTaskViewController.swift */,
				969EABAB29422E2100984EB1 /* TaskManagerTableViewController.swift */,
			);
			path = Controller;
			sourceTree = "<group>";
		};
		9697C8552942518900B37015 /* Cell */ = {
			isa = PBXGroup;
			children = (
				9697C856294251CF00B37015 /* EmptyTableCell.swift */,
				9697C857294251CF00B37015 /* EmptyTableCell.xib */,
				9697C85A29425C6400B37015 /* TaskTableCell.swift */,
			);
			path = Cell;
			sourceTree = "<group>";
		};
		96AACE37294759F300BC0C2A /* Components */ = {
			isa = PBXGroup;
			children = (
				96AACE3829475A0E00BC0C2A /* TimePicker.storyboard */,
				96AACE3A29475A4D00BC0C2A /* TimePickerController.swift */,
			);
			path = Components;
			sourceTree = "<group>";
		};
		96AACE3C29476E4E00BC0C2A /* Extensions */ = {
			isa = PBXGroup;
			children = (
				96AACE3D29476E6500BC0C2A /* Date.swift */,
			);
			path = Extensions;
			sourceTree = "<group>";
		};
		E98110A9773C14AAB9AC8782 /* Frameworks */ = {
			isa = PBXGroup;
			children = (
				C307DD9D9672E54279DA94EC /* Pods_TodoListApp.framework */,
				14BDD42797B19845FDD28FA9 /* Pods_TodoListApp_TodoListAppUITests.framework */,
				0692630B7711BEAC55E8E60B /* Pods_TodoListAppTests.framework */,
			);
			name = Frameworks;
			sourceTree = "<group>";
		};
/* End PBXGroup section */

/* Begin PBXNativeTarget section */
		9692BB8E294141A400CAF3CC /* TodoListApp */ = {
			isa = PBXNativeTarget;
			buildConfigurationList = 9692BBB9294141A500CAF3CC /* Build configuration list for PBXNativeTarget "TodoListApp" */;
			buildPhases = (
				5A32D75A79638CD528E5A632 /* [CP] Check Pods Manifest.lock */,
				9692BB8B294141A400CAF3CC /* Sources */,
				9692BB8C294141A400CAF3CC /* Frameworks */,
				9692BB8D294141A400CAF3CC /* Resources */,
				4AFDEAB53C734CB723B3AF44 /* [CP] Embed Pods Frameworks */,
			);
			buildRules = (
			);
			dependencies = (
			);
			name = TodoListApp;
			productName = TodoListApp;
			productReference = 9692BB8F294141A400CAF3CC /* TodoListApp.app */;
			productType = "com.apple.product-type.application";
		};
		9692BBA4294141A500CAF3CC /* TodoListAppTests */ = {
			isa = PBXNativeTarget;
			buildConfigurationList = 9692BBBC294141A500CAF3CC /* Build configuration list for PBXNativeTarget "TodoListAppTests" */;
			buildPhases = (
				A49DF234AFD12210853C2DF5 /* [CP] Check Pods Manifest.lock */,
				9692BBA1294141A500CAF3CC /* Sources */,
				9692BBA2294141A500CAF3CC /* Frameworks */,
				9692BBA3294141A500CAF3CC /* Resources */,
			);
			buildRules = (
			);
			dependencies = (
				9692BBA7294141A500CAF3CC /* PBXTargetDependency */,
			);
			name = TodoListAppTests;
			productName = TodoListAppTests;
			productReference = 9692BBA5294141A500CAF3CC /* TodoListAppTests.xctest */;
			productType = "com.apple.product-type.bundle.unit-test";
		};
		9692BBAE294141A500CAF3CC /* TodoListAppUITests */ = {
			isa = PBXNativeTarget;
			buildConfigurationList = 9692BBBF294141A500CAF3CC /* Build configuration list for PBXNativeTarget "TodoListAppUITests" */;
			buildPhases = (
				10571C7A6022E3D462657C8B /* [CP] Check Pods Manifest.lock */,
				9692BBAB294141A500CAF3CC /* Sources */,
				9692BBAC294141A500CAF3CC /* Frameworks */,
				9692BBAD294141A500CAF3CC /* Resources */,
				C46BD605345B65488B2FC01E /* [CP] Embed Pods Frameworks */,
			);
			buildRules = (
			);
			dependencies = (
				9692BBB1294141A500CAF3CC /* PBXTargetDependency */,
			);
			name = TodoListAppUITests;
			productName = TodoListAppUITests;
			productReference = 9692BBAF294141A500CAF3CC /* TodoListAppUITests.xctest */;
			productType = "com.apple.product-type.bundle.ui-testing";
		};
/* End PBXNativeTarget section */

/* Begin PBXProject section */
		9692BB87294141A400CAF3CC /* Project object */ = {
			isa = PBXProject;
			attributes = {
				BuildIndependentTargetsInParallel = 1;
				LastSwiftUpdateCheck = 1340;
				LastUpgradeCheck = 1340;
				TargetAttributes = {
					9692BB8E294141A400CAF3CC = {
						CreatedOnToolsVersion = 13.4.1;
					};
					9692BBA4294141A500CAF3CC = {
						CreatedOnToolsVersion = 13.4.1;
						TestTargetID = 9692BB8E294141A400CAF3CC;
					};
					9692BBAE294141A500CAF3CC = {
						CreatedOnToolsVersion = 13.4.1;
						TestTargetID = 9692BB8E294141A400CAF3CC;
					};
				};
			};
			buildConfigurationList = 9692BB8A294141A400CAF3CC /* Build configuration list for PBXProject "TodoListApp" */;
			compatibilityVersion = "Xcode 13.0";
			developmentRegion = en;
			hasScannedForEncodings = 0;
			knownRegions = (
				en,
				Base,
			);
			mainGroup = 9692BB86294141A400CAF3CC;
			productRefGroup = 9692BB90294141A400CAF3CC /* Products */;
			projectDirPath = "";
			projectRoot = "";
			targets = (
				9692BB8E294141A400CAF3CC /* TodoListApp */,
				9692BBA4294141A500CAF3CC /* TodoListAppTests */,
				9692BBAE294141A500CAF3CC /* TodoListAppUITests */,
			);
		};
/* End PBXProject section */

/* Begin PBXResourcesBuildPhase section */
		9692BB8D294141A400CAF3CC /* Resources */ = {
			isa = PBXResourcesBuildPhase;
			buildActionMask = 2147483647;
			files = (
				9692BB9F294141A400CAF3CC /* LaunchScreen.storyboard in Resources */,
				9692BB9C294141A400CAF3CC /* Assets.xcassets in Resources */,
				969EABA629421D7000984EB1 /* InitialTasks.storyboard in Resources */,
				9697C859294251CF00B37015 /* EmptyTableCell.xib in Resources */,
				9692BB9A294141A400CAF3CC /* Main.storyboard in Resources */,
				96AACE3929475A0E00BC0C2A /* TimePicker.storyboard in Resources */,
			);
			runOnlyForDeploymentPostprocessing = 0;
		};
		9692BBA3294141A500CAF3CC /* Resources */ = {
			isa = PBXResourcesBuildPhase;
			buildActionMask = 2147483647;
			files = (
			);
			runOnlyForDeploymentPostprocessing = 0;
		};
		9692BBAD294141A500CAF3CC /* Resources */ = {
			isa = PBXResourcesBuildPhase;
			buildActionMask = 2147483647;
			files = (
			);
			runOnlyForDeploymentPostprocessing = 0;
		};
/* End PBXResourcesBuildPhase section */

/* Begin PBXShellScriptBuildPhase section */
		10571C7A6022E3D462657C8B /* [CP] Check Pods Manifest.lock */ = {
			isa = PBXShellScriptBuildPhase;
			buildActionMask = 2147483647;
			files = (
			);
			inputFileListPaths = (
			);
			inputPaths = (
				"${PODS_PODFILE_DIR_PATH}/Podfile.lock",
				"${PODS_ROOT}/Manifest.lock",
			);
			name = "[CP] Check Pods Manifest.lock";
			outputFileListPaths = (
			);
			outputPaths = (
				"$(DERIVED_FILE_DIR)/Pods-TodoListApp-TodoListAppUITests-checkManifestLockResult.txt",
			);
			runOnlyForDeploymentPostprocessing = 0;
			shellPath = /bin/sh;
			shellScript = "diff \"${PODS_PODFILE_DIR_PATH}/Podfile.lock\" \"${PODS_ROOT}/Manifest.lock\" > /dev/null\nif [ $? != 0 ] ; then\n    # print error to STDERR\n    echo \"error: The sandbox is not in sync with the Podfile.lock. Run 'pod install' or update your CocoaPods installation.\" >&2\n    exit 1\nfi\n# This output is used by Xcode 'outputs' to avoid re-running this script phase.\necho \"SUCCESS\" > \"${SCRIPT_OUTPUT_FILE_0}\"\n";
			showEnvVarsInLog = 0;
		};
		4AFDEAB53C734CB723B3AF44 /* [CP] Embed Pods Frameworks */ = {
			isa = PBXShellScriptBuildPhase;
			buildActionMask = 2147483647;
			files = (
			);
			inputFileListPaths = (
				"${PODS_ROOT}/Target Support Files/Pods-TodoListApp/Pods-TodoListApp-frameworks-${CONFIGURATION}-input-files.xcfilelist",
			);
			name = "[CP] Embed Pods Frameworks";
			outputFileListPaths = (
				"${PODS_ROOT}/Target Support Files/Pods-TodoListApp/Pods-TodoListApp-frameworks-${CONFIGURATION}-output-files.xcfilelist",
			);
			runOnlyForDeploymentPostprocessing = 0;
			shellPath = /bin/sh;
			shellScript = "\"${PODS_ROOT}/Target Support Files/Pods-TodoListApp/Pods-TodoListApp-frameworks.sh\"\n";
			showEnvVarsInLog = 0;
		};
		5A32D75A79638CD528E5A632 /* [CP] Check Pods Manifest.lock */ = {
			isa = PBXShellScriptBuildPhase;
			buildActionMask = 2147483647;
			files = (
			);
			inputFileListPaths = (
			);
			inputPaths = (
				"${PODS_PODFILE_DIR_PATH}/Podfile.lock",
				"${PODS_ROOT}/Manifest.lock",
			);
			name = "[CP] Check Pods Manifest.lock";
			outputFileListPaths = (
			);
			outputPaths = (
				"$(DERIVED_FILE_DIR)/Pods-TodoListApp-checkManifestLockResult.txt",
			);
			runOnlyForDeploymentPostprocessing = 0;
			shellPath = /bin/sh;
			shellScript = "diff \"${PODS_PODFILE_DIR_PATH}/Podfile.lock\" \"${PODS_ROOT}/Manifest.lock\" > /dev/null\nif [ $? != 0 ] ; then\n    # print error to STDERR\n    echo \"error: The sandbox is not in sync with the Podfile.lock. Run 'pod install' or update your CocoaPods installation.\" >&2\n    exit 1\nfi\n# This output is used by Xcode 'outputs' to avoid re-running this script phase.\necho \"SUCCESS\" > \"${SCRIPT_OUTPUT_FILE_0}\"\n";
			showEnvVarsInLog = 0;
		};
		A49DF234AFD12210853C2DF5 /* [CP] Check Pods Manifest.lock */ = {
			isa = PBXShellScriptBuildPhase;
			buildActionMask = 2147483647;
			files = (
			);
			inputFileListPaths = (
			);
			inputPaths = (
				"${PODS_PODFILE_DIR_PATH}/Podfile.lock",
				"${PODS_ROOT}/Manifest.lock",
			);
			name = "[CP] Check Pods Manifest.lock";
			outputFileListPaths = (
			);
			outputPaths = (
				"$(DERIVED_FILE_DIR)/Pods-TodoListAppTests-checkManifestLockResult.txt",
			);
			runOnlyForDeploymentPostprocessing = 0;
			shellPath = /bin/sh;
			shellScript = "diff \"${PODS_PODFILE_DIR_PATH}/Podfile.lock\" \"${PODS_ROOT}/Manifest.lock\" > /dev/null\nif [ $? != 0 ] ; then\n    # print error to STDERR\n    echo \"error: The sandbox is not in sync with the Podfile.lock. Run 'pod install' or update your CocoaPods installation.\" >&2\n    exit 1\nfi\n# This output is used by Xcode 'outputs' to avoid re-running this script phase.\necho \"SUCCESS\" > \"${SCRIPT_OUTPUT_FILE_0}\"\n";
			showEnvVarsInLog = 0;
		};
		C46BD605345B65488B2FC01E /* [CP] Embed Pods Frameworks */ = {
			isa = PBXShellScriptBuildPhase;
			buildActionMask = 2147483647;
			files = (
			);
			inputFileListPaths = (
				"${PODS_ROOT}/Target Support Files/Pods-TodoListApp-TodoListAppUITests/Pods-TodoListApp-TodoListAppUITests-frameworks-${CONFIGURATION}-input-files.xcfilelist",
			);
			name = "[CP] Embed Pods Frameworks";
			outputFileListPaths = (
				"${PODS_ROOT}/Target Support Files/Pods-TodoListApp-TodoListAppUITests/Pods-TodoListApp-TodoListAppUITests-frameworks-${CONFIGURATION}-output-files.xcfilelist",
			);
			runOnlyForDeploymentPostprocessing = 0;
			shellPath = /bin/sh;
			shellScript = "\"${PODS_ROOT}/Target Support Files/Pods-TodoListApp-TodoListAppUITests/Pods-TodoListApp-TodoListAppUITests-frameworks.sh\"\n";
			showEnvVarsInLog = 0;
		};
/* End PBXShellScriptBuildPhase section */

/* Begin PBXSourcesBuildPhase section */
		9692BB8B294141A400CAF3CC /* Sources */ = {
			isa = PBXSourcesBuildPhase;
			buildActionMask = 2147483647;
			files = (
				969EABA829422DB400984EB1 /* LoginViewController.swift in Sources */,
				96AACE3E29476E6500BC0C2A /* Date.swift in Sources */,
				96AACE3B29475A4D00BC0C2A /* TimePickerController.swift in Sources */,
				9697C85B29425C6400B37015 /* TaskTableCell.swift in Sources */,
				9692BB97294141A400CAF3CC /* ViewController.swift in Sources */,
				9697C858294251CF00B37015 /* EmptyTableCell.swift in Sources */,
				9692BB93294141A400CAF3CC /* AppDelegate.swift in Sources */,
				969EABAA29422DEA00984EB1 /* ListTaskViewController.swift in Sources */,
				969EABAC29422E2100984EB1 /* TaskManagerTableViewController.swift in Sources */,
				9692BB95294141A400CAF3CC /* SceneDelegate.swift in Sources */,
			);
			runOnlyForDeploymentPostprocessing = 0;
		};
		9692BBA1294141A500CAF3CC /* Sources */ = {
			isa = PBXSourcesBuildPhase;
			buildActionMask = 2147483647;
			files = (
				9692BBAA294141A500CAF3CC /* TodoListAppTests.swift in Sources */,
			);
			runOnlyForDeploymentPostprocessing = 0;
		};
		9692BBAB294141A500CAF3CC /* Sources */ = {
			isa = PBXSourcesBuildPhase;
			buildActionMask = 2147483647;
			files = (
				9692BBB6294141A500CAF3CC /* TodoListAppUITestsLaunchTests.swift in Sources */,
				9692BBB4294141A500CAF3CC /* TodoListAppUITests.swift in Sources */,
			);
			runOnlyForDeploymentPostprocessing = 0;
		};
/* End PBXSourcesBuildPhase section */

/* Begin PBXTargetDependency section */
		9692BBA7294141A500CAF3CC /* PBXTargetDependency */ = {
			isa = PBXTargetDependency;
			target = 9692BB8E294141A400CAF3CC /* TodoListApp */;
			targetProxy = 9692BBA6294141A500CAF3CC /* PBXContainerItemProxy */;
		};
		9692BBB1294141A500CAF3CC /* PBXTargetDependency */ = {
			isa = PBXTargetDependency;
			target = 9692BB8E294141A400CAF3CC /* TodoListApp */;
			targetProxy = 9692BBB0294141A500CAF3CC /* PBXContainerItemProxy */;
		};
/* End PBXTargetDependency section */

/* Begin PBXVariantGroup section */
		9692BB98294141A400CAF3CC /* Main.storyboard */ = {
			isa = PBXVariantGroup;
			children = (
				9692BB99294141A400CAF3CC /* Base */,
			);
			name = Main.storyboard;
			sourceTree = "<group>";
		};
		9692BB9D294141A400CAF3CC /* LaunchScreen.storyboard */ = {
			isa = PBXVariantGroup;
			children = (
				9692BB9E294141A400CAF3CC /* Base */,
			);
			name = LaunchScreen.storyboard;
			sourceTree = "<group>";
		};
/* End PBXVariantGroup section */

/* Begin XCBuildConfiguration section */
		9692BBB7294141A500CAF3CC /* Debug */ = {
			isa = XCBuildConfiguration;
			buildSettings = {
				ALWAYS_SEARCH_USER_PATHS = NO;
				CLANG_ANALYZER_NONNULL = YES;
				CLANG_ANALYZER_NUMBER_OBJECT_CONVERSION = YES_AGGRESSIVE;
				CLANG_CXX_LANGUAGE_STANDARD = "gnu++17";
				CLANG_ENABLE_MODULES = YES;
				CLANG_ENABLE_OBJC_ARC = YES;
				CLANG_ENABLE_OBJC_WEAK = YES;
				CLANG_WARN_BLOCK_CAPTURE_AUTORELEASING = YES;
				CLANG_WARN_BOOL_CONVERSION = YES;
				CLANG_WARN_COMMA = YES;
				CLANG_WARN_CONSTANT_CONVERSION = YES;
				CLANG_WARN_DEPRECATED_OBJC_IMPLEMENTATIONS = YES;
				CLANG_WARN_DIRECT_OBJC_ISA_USAGE = YES_ERROR;
				CLANG_WARN_DOCUMENTATION_COMMENTS = YES;
				CLANG_WARN_EMPTY_BODY = YES;
				CLANG_WARN_ENUM_CONVERSION = YES;
				CLANG_WARN_INFINITE_RECURSION = YES;
				CLANG_WARN_INT_CONVERSION = YES;
				CLANG_WARN_NON_LITERAL_NULL_CONVERSION = YES;
				CLANG_WARN_OBJC_IMPLICIT_RETAIN_SELF = YES;
				CLANG_WARN_OBJC_LITERAL_CONVERSION = YES;
				CLANG_WARN_OBJC_ROOT_CLASS = YES_ERROR;
				CLANG_WARN_QUOTED_INCLUDE_IN_FRAMEWORK_HEADER = YES;
				CLANG_WARN_RANGE_LOOP_ANALYSIS = YES;
				CLANG_WARN_STRICT_PROTOTYPES = YES;
				CLANG_WARN_SUSPICIOUS_MOVE = YES;
				CLANG_WARN_UNGUARDED_AVAILABILITY = YES_AGGRESSIVE;
				CLANG_WARN_UNREACHABLE_CODE = YES;
				CLANG_WARN__DUPLICATE_METHOD_MATCH = YES;
				COPY_PHASE_STRIP = NO;
				DEBUG_INFORMATION_FORMAT = dwarf;
				ENABLE_STRICT_OBJC_MSGSEND = YES;
				ENABLE_TESTABILITY = YES;
				GCC_C_LANGUAGE_STANDARD = gnu11;
				GCC_DYNAMIC_NO_PIC = NO;
				GCC_NO_COMMON_BLOCKS = YES;
				GCC_OPTIMIZATION_LEVEL = 0;
				GCC_PREPROCESSOR_DEFINITIONS = (
					"DEBUG=1",
					"$(inherited)",
				);
				GCC_WARN_64_TO_32_BIT_CONVERSION = YES;
				GCC_WARN_ABOUT_RETURN_TYPE = YES_ERROR;
				GCC_WARN_UNDECLARED_SELECTOR = YES;
				GCC_WARN_UNINITIALIZED_AUTOS = YES_AGGRESSIVE;
				GCC_WARN_UNUSED_FUNCTION = YES;
				GCC_WARN_UNUSED_VARIABLE = YES;
				IPHONEOS_DEPLOYMENT_TARGET = 15.5;
				MTL_ENABLE_DEBUG_INFO = INCLUDE_SOURCE;
				MTL_FAST_MATH = YES;
				ONLY_ACTIVE_ARCH = YES;
				SDKROOT = iphoneos;
				SWIFT_ACTIVE_COMPILATION_CONDITIONS = DEBUG;
				SWIFT_OPTIMIZATION_LEVEL = "-Onone";
			};
			name = Debug;
		};
		9692BBB8294141A500CAF3CC /* Release */ = {
			isa = XCBuildConfiguration;
			buildSettings = {
				ALWAYS_SEARCH_USER_PATHS = NO;
				CLANG_ANALYZER_NONNULL = YES;
				CLANG_ANALYZER_NUMBER_OBJECT_CONVERSION = YES_AGGRESSIVE;
				CLANG_CXX_LANGUAGE_STANDARD = "gnu++17";
				CLANG_ENABLE_MODULES = YES;
				CLANG_ENABLE_OBJC_ARC = YES;
				CLANG_ENABLE_OBJC_WEAK = YES;
				CLANG_WARN_BLOCK_CAPTURE_AUTORELEASING = YES;
				CLANG_WARN_BOOL_CONVERSION = YES;
				CLANG_WARN_COMMA = YES;
				CLANG_WARN_CONSTANT_CONVERSION = YES;
				CLANG_WARN_DEPRECATED_OBJC_IMPLEMENTATIONS = YES;
				CLANG_WARN_DIRECT_OBJC_ISA_USAGE = YES_ERROR;
				CLANG_WARN_DOCUMENTATION_COMMENTS = YES;
				CLANG_WARN_EMPTY_BODY = YES;
				CLANG_WARN_ENUM_CONVERSION = YES;
				CLANG_WARN_INFINITE_RECURSION = YES;
				CLANG_WARN_INT_CONVERSION = YES;
				CLANG_WARN_NON_LITERAL_NULL_CONVERSION = YES;
				CLANG_WARN_OBJC_IMPLICIT_RETAIN_SELF = YES;
				CLANG_WARN_OBJC_LITERAL_CONVERSION = YES;
				CLANG_WARN_OBJC_ROOT_CLASS = YES_ERROR;
				CLANG_WARN_QUOTED_INCLUDE_IN_FRAMEWORK_HEADER = YES;
				CLANG_WARN_RANGE_LOOP_ANALYSIS = YES;
				CLANG_WARN_STRICT_PROTOTYPES = YES;
				CLANG_WARN_SUSPICIOUS_MOVE = YES;
				CLANG_WARN_UNGUARDED_AVAILABILITY = YES_AGGRESSIVE;
				CLANG_WARN_UNREACHABLE_CODE = YES;
				CLANG_WARN__DUPLICATE_METHOD_MATCH = YES;
				COPY_PHASE_STRIP = NO;
				DEBUG_INFORMATION_FORMAT = "dwarf-with-dsym";
				ENABLE_NS_ASSERTIONS = NO;
				ENABLE_STRICT_OBJC_MSGSEND = YES;
				GCC_C_LANGUAGE_STANDARD = gnu11;
				GCC_NO_COMMON_BLOCKS = YES;
				GCC_WARN_64_TO_32_BIT_CONVERSION = YES;
				GCC_WARN_ABOUT_RETURN_TYPE = YES_ERROR;
				GCC_WARN_UNDECLARED_SELECTOR = YES;
				GCC_WARN_UNINITIALIZED_AUTOS = YES_AGGRESSIVE;
				GCC_WARN_UNUSED_FUNCTION = YES;
				GCC_WARN_UNUSED_VARIABLE = YES;
				IPHONEOS_DEPLOYMENT_TARGET = 15.5;
				MTL_ENABLE_DEBUG_INFO = NO;
				MTL_FAST_MATH = YES;
				SDKROOT = iphoneos;
				SWIFT_COMPILATION_MODE = wholemodule;
				SWIFT_OPTIMIZATION_LEVEL = "-O";
				VALIDATE_PRODUCT = YES;
			};
			name = Release;
		};
		9692BBBA294141A500CAF3CC /* Debug */ = {
			isa = XCBuildConfiguration;
			baseConfigurationReference = 16AA8B899A588D2AA12195D5 /* Pods-TodoListApp.debug.xcconfig */;
			buildSettings = {
				ASSETCATALOG_COMPILER_APPICON_NAME = AppIcon;
				ASSETCATALOG_COMPILER_GLOBAL_ACCENT_COLOR_NAME = AccentColor;
				CODE_SIGN_STYLE = Automatic;
				CURRENT_PROJECT_VERSION = 1;
				DEVELOPMENT_TEAM = N7W6HJZX49;
				GENERATE_INFOPLIST_FILE = YES;
				INFOPLIST_FILE = TodoListApp/Info.plist;
				INFOPLIST_KEY_UIApplicationSupportsIndirectInputEvents = YES;
				INFOPLIST_KEY_UILaunchStoryboardName = LaunchScreen;
				INFOPLIST_KEY_UIMainStoryboardFile = Main;
				INFOPLIST_KEY_UISupportedInterfaceOrientations = UIInterfaceOrientationPortrait;
				INFOPLIST_KEY_UISupportedInterfaceOrientations_iPad = "UIInterfaceOrientationPortrait UIInterfaceOrientationPortraitUpsideDown UIInterfaceOrientationLandscapeLeft UIInterfaceOrientationLandscapeRight";
				INFOPLIST_KEY_UISupportedInterfaceOrientations_iPhone = "UIInterfaceOrientationPortrait UIInterfaceOrientationLandscapeLeft UIInterfaceOrientationLandscapeRight";
				IPHONEOS_DEPLOYMENT_TARGET = 14.5;
				LD_RUNPATH_SEARCH_PATHS = (
					"$(inherited)",
					"@executable_path/Frameworks",
				);
				MARKETING_VERSION = 1.0;
				PRODUCT_BUNDLE_IDENTIFIER = "com.kauekaj-todolist.TodoListApp";
				PRODUCT_NAME = "$(TARGET_NAME)";
				SWIFT_EMIT_LOC_STRINGS = YES;
				SWIFT_VERSION = 5.0;
				TARGETED_DEVICE_FAMILY = 1;
			};
			name = Debug;
		};
		9692BBBB294141A500CAF3CC /* Release */ = {
			isa = XCBuildConfiguration;
			baseConfigurationReference = 6CF0D00F16E285D476E869DA /* Pods-TodoListApp.release.xcconfig */;
			buildSettings = {
				ASSETCATALOG_COMPILER_APPICON_NAME = AppIcon;
				ASSETCATALOG_COMPILER_GLOBAL_ACCENT_COLOR_NAME = AccentColor;
				CODE_SIGN_STYLE = Automatic;
				CURRENT_PROJECT_VERSION = 1;
				DEVELOPMENT_TEAM = N7W6HJZX49;
				GENERATE_INFOPLIST_FILE = YES;
				INFOPLIST_FILE = TodoListApp/Info.plist;
				INFOPLIST_KEY_UIApplicationSupportsIndirectInputEvents = YES;
				INFOPLIST_KEY_UILaunchStoryboardName = LaunchScreen;
				INFOPLIST_KEY_UIMainStoryboardFile = Main;
				INFOPLIST_KEY_UISupportedInterfaceOrientations = UIInterfaceOrientationPortrait;
				INFOPLIST_KEY_UISupportedInterfaceOrientations_iPad = "UIInterfaceOrientationPortrait UIInterfaceOrientationPortraitUpsideDown UIInterfaceOrientationLandscapeLeft UIInterfaceOrientationLandscapeRight";
				INFOPLIST_KEY_UISupportedInterfaceOrientations_iPhone = "UIInterfaceOrientationPortrait UIInterfaceOrientationLandscapeLeft UIInterfaceOrientationLandscapeRight";
				IPHONEOS_DEPLOYMENT_TARGET = 14.5;
				LD_RUNPATH_SEARCH_PATHS = (
					"$(inherited)",
					"@executable_path/Frameworks",
				);
				MARKETING_VERSION = 1.0;
				PRODUCT_BUNDLE_IDENTIFIER = "com.kauekaj-todolist.TodoListApp";
				PRODUCT_NAME = "$(TARGET_NAME)";
				SWIFT_EMIT_LOC_STRINGS = YES;
				SWIFT_VERSION = 5.0;
				TARGETED_DEVICE_FAMILY = 1;
			};
			name = Release;
		};
		9692BBBD294141A500CAF3CC /* Debug */ = {
			isa = XCBuildConfiguration;
			baseConfigurationReference = A409FD573051209F1156D30F /* Pods-TodoListAppTests.debug.xcconfig */;
			buildSettings = {
				ALWAYS_EMBED_SWIFT_STANDARD_LIBRARIES = YES;
				BUNDLE_LOADER = "$(TEST_HOST)";
				CODE_SIGN_STYLE = Automatic;
				CURRENT_PROJECT_VERSION = 1;
				DEVELOPMENT_TEAM = N7W6HJZX49;
				GENERATE_INFOPLIST_FILE = YES;
				IPHONEOS_DEPLOYMENT_TARGET = 15.5;
				MARKETING_VERSION = 1.0;
				PRODUCT_BUNDLE_IDENTIFIER = "com.kauekaj-todolist.TodoListAppTests";
				PRODUCT_NAME = "$(TARGET_NAME)";
				SWIFT_EMIT_LOC_STRINGS = NO;
				SWIFT_VERSION = 5.0;
				TARGETED_DEVICE_FAMILY = "1,2";
				TEST_HOST = "$(BUILT_PRODUCTS_DIR)/TodoListApp.app/TodoListApp";
			};
			name = Debug;
		};
		9692BBBE294141A500CAF3CC /* Release */ = {
			isa = XCBuildConfiguration;
			baseConfigurationReference = B63A054D41265295AF23C261 /* Pods-TodoListAppTests.release.xcconfig */;
			buildSettings = {
				ALWAYS_EMBED_SWIFT_STANDARD_LIBRARIES = YES;
				BUNDLE_LOADER = "$(TEST_HOST)";
				CODE_SIGN_STYLE = Automatic;
				CURRENT_PROJECT_VERSION = 1;
				DEVELOPMENT_TEAM = N7W6HJZX49;
				GENERATE_INFOPLIST_FILE = YES;
				IPHONEOS_DEPLOYMENT_TARGET = 15.5;
				MARKETING_VERSION = 1.0;
				PRODUCT_BUNDLE_IDENTIFIER = "com.kauekaj-todolist.TodoListAppTests";
				PRODUCT_NAME = "$(TARGET_NAME)";
				SWIFT_EMIT_LOC_STRINGS = NO;
				SWIFT_VERSION = 5.0;
				TARGETED_DEVICE_FAMILY = "1,2";
				TEST_HOST = "$(BUILT_PRODUCTS_DIR)/TodoListApp.app/TodoListApp";
			};
			name = Release;
		};
		9692BBC0294141A500CAF3CC /* Debug */ = {
			isa = XCBuildConfiguration;
			baseConfigurationReference = 63A9B39FA19CBEE22EEAAE5B /* Pods-TodoListApp-TodoListAppUITests.debug.xcconfig */;
			buildSettings = {
				ALWAYS_EMBED_SWIFT_STANDARD_LIBRARIES = YES;
				CODE_SIGN_STYLE = Automatic;
				CURRENT_PROJECT_VERSION = 1;
				DEVELOPMENT_TEAM = N7W6HJZX49;
				GENERATE_INFOPLIST_FILE = YES;
				MARKETING_VERSION = 1.0;
				PRODUCT_BUNDLE_IDENTIFIER = "com.kauekaj-todolist.TodoListAppUITests";
				PRODUCT_NAME = "$(TARGET_NAME)";
				SWIFT_EMIT_LOC_STRINGS = NO;
				SWIFT_VERSION = 5.0;
				TARGETED_DEVICE_FAMILY = "1,2";
				TEST_TARGET_NAME = TodoListApp;
			};
			name = Debug;
		};
		9692BBC1294141A500CAF3CC /* Release */ = {
			isa = XCBuildConfiguration;
			baseConfigurationReference = E232EFE17EF3214CCEE7D907 /* Pods-TodoListApp-TodoListAppUITests.release.xcconfig */;
			buildSettings = {
				ALWAYS_EMBED_SWIFT_STANDARD_LIBRARIES = YES;
				CODE_SIGN_STYLE = Automatic;
				CURRENT_PROJECT_VERSION = 1;
				DEVELOPMENT_TEAM = N7W6HJZX49;
				GENERATE_INFOPLIST_FILE = YES;
				MARKETING_VERSION = 1.0;
				PRODUCT_BUNDLE_IDENTIFIER = "com.kauekaj-todolist.TodoListAppUITests";
				PRODUCT_NAME = "$(TARGET_NAME)";
				SWIFT_EMIT_LOC_STRINGS = NO;
				SWIFT_VERSION = 5.0;
				TARGETED_DEVICE_FAMILY = "1,2";
				TEST_TARGET_NAME = TodoListApp;
			};
			name = Release;
		};
/* End XCBuildConfiguration section */

/* Begin XCConfigurationList section */
		9692BB8A294141A400CAF3CC /* Build configuration list for PBXProject "TodoListApp" */ = {
			isa = XCConfigurationList;
			buildConfigurations = (
				9692BBB7294141A500CAF3CC /* Debug */,
				9692BBB8294141A500CAF3CC /* Release */,
			);
			defaultConfigurationIsVisible = 0;
			defaultConfigurationName = Release;
		};
		9692BBB9294141A500CAF3CC /* Build configuration list for PBXNativeTarget "TodoListApp" */ = {
			isa = XCConfigurationList;
			buildConfigurations = (
				9692BBBA294141A500CAF3CC /* Debug */,
				9692BBBB294141A500CAF3CC /* Release */,
			);
			defaultConfigurationIsVisible = 0;
			defaultConfigurationName = Release;
		};
		9692BBBC294141A500CAF3CC /* Build configuration list for PBXNativeTarget "TodoListAppTests" */ = {
			isa = XCConfigurationList;
			buildConfigurations = (
				9692BBBD294141A500CAF3CC /* Debug */,
				9692BBBE294141A500CAF3CC /* Release */,
			);
			defaultConfigurationIsVisible = 0;
			defaultConfigurationName = Release;
		};
		9692BBBF294141A500CAF3CC /* Build configuration list for PBXNativeTarget "TodoListAppUITests" */ = {
			isa = XCConfigurationList;
			buildConfigurations = (
				9692BBC0294141A500CAF3CC /* Debug */,
				9692BBC1294141A500CAF3CC /* Release */,
			);
			defaultConfigurationIsVisible = 0;
			defaultConfigurationName = Release;
		};
/* End XCConfigurationList section */
	};
	rootObject = 9692BB87294141A400CAF3CC /* Project object */;
}
