// !$*UTF8*$!
{
	archiveVersion = 1;
	classes = {
	};
	objectVersion = 55;
	objects = {

/* Begin PBXBuildFile section */
		3B1080D8CDFC42F256C1D5C1 /* Pods_ConvertCoinTests.framework in Frameworks */ = {isa = PBXBuildFile; fileRef = E23842E8FD2F0160A72803DD /* Pods_ConvertCoinTests.framework */; };
		7297A443D2BD7517AEC8527B /* Pods_ConvertCoin_ConvertCoinUITests.framework in Frameworks */ = {isa = PBXBuildFile; fileRef = A67BD6FAD0327CB4052B89AA /* Pods_ConvertCoin_ConvertCoinUITests.framework */; };
		9611FD6C2940C2D00090B28B /* CoinConverterController.swift in Sources */ = {isa = PBXBuildFile; fileRef = 9611FD6B2940C2D00090B28B /* CoinConverterController.swift */; };
		9611FD6E2940C3800090B28B /* Main.storyboard in Resources */ = {isa = PBXBuildFile; fileRef = 9611FD6D2940C3800090B28B /* Main.storyboard */; };
		9611FD702940CC3B0090B28B /* CoinResponse.swift in Sources */ = {isa = PBXBuildFile; fileRef = 9611FD6F2940CC3B0090B28B /* CoinResponse.swift */; };
		9611FD722940D31E0090B28B /* WebService.swift in Sources */ = {isa = PBXBuildFile; fileRef = 9611FD712940D31E0090B28B /* WebService.swift */; };
		9611FD762940D4C30090B28B /* Enums.swift in Sources */ = {isa = PBXBuildFile; fileRef = 9611FD752940D4C30090B28B /* Enums.swift */; };
		9611FD782940D4EA0090B28B /* CoinConverterViewModel.swift in Sources */ = {isa = PBXBuildFile; fileRef = 9611FD772940D4EA0090B28B /* CoinConverterViewModel.swift */; };
		9616517A2940A574008E1575 /* AppDelegate.swift in Sources */ = {isa = PBXBuildFile; fileRef = 961651792940A574008E1575 /* AppDelegate.swift */; };
		9616517C2940A574008E1575 /* SceneDelegate.swift in Sources */ = {isa = PBXBuildFile; fileRef = 9616517B2940A574008E1575 /* SceneDelegate.swift */; };
		9616517E2940A574008E1575 /* ViewController.swift in Sources */ = {isa = PBXBuildFile; fileRef = 9616517D2940A574008E1575 /* ViewController.swift */; };
		961651842940A574008E1575 /* ConvertCoin.xcdatamodeld in Sources */ = {isa = PBXBuildFile; fileRef = 961651822940A574008E1575 /* ConvertCoin.xcdatamodeld */; };
		961651862940A577008E1575 /* Assets.xcassets in Resources */ = {isa = PBXBuildFile; fileRef = 961651852940A577008E1575 /* Assets.xcassets */; };
		961651892940A577008E1575 /* LaunchScreen.storyboard in Resources */ = {isa = PBXBuildFile; fileRef = 961651872940A577008E1575 /* LaunchScreen.storyboard */; };
		961651942940A577008E1575 /* ConvertCoinTests.swift in Sources */ = {isa = PBXBuildFile; fileRef = 961651932940A577008E1575 /* ConvertCoinTests.swift */; };
		9616519E2940A577008E1575 /* ConvertCoinUITests.swift in Sources */ = {isa = PBXBuildFile; fileRef = 9616519D2940A577008E1575 /* ConvertCoinUITests.swift */; };
		961651A02940A577008E1575 /* ConvertCoinUITestsLaunchTests.swift in Sources */ = {isa = PBXBuildFile; fileRef = 9616519F2940A577008E1575 /* ConvertCoinUITestsLaunchTests.swift */; };
		9692BB8029410FE200CAF3CC /* ExchangeUserDefault.swift in Sources */ = {isa = PBXBuildFile; fileRef = 9692BB7F29410FE200CAF3CC /* ExchangeUserDefault.swift */; };
		9692BB822941182600CAF3CC /* CoinConvertTableController.swift in Sources */ = {isa = PBXBuildFile; fileRef = 9692BB812941182600CAF3CC /* CoinConvertTableController.swift */; };
		9692BB852941186400CAF3CC /* HistoryCell.swift in Sources */ = {isa = PBXBuildFile; fileRef = 9692BB842941186400CAF3CC /* HistoryCell.swift */; };
		96A0267B29410E0C00CCB001 /* String.swift in Sources */ = {isa = PBXBuildFile; fileRef = 96A0267A29410E0C00CCB001 /* String.swift */; };
		96A0267D29410E1900CCB001 /* UIView.swift in Sources */ = {isa = PBXBuildFile; fileRef = 96A0267C29410E1900CCB001 /* UIView.swift */; };
		A1CAD89075A42F8EAEA8E8E6 /* Pods_ConvertCoin.framework in Frameworks */ = {isa = PBXBuildFile; fileRef = 329CA0089FDC0A9F67824299 /* Pods_ConvertCoin.framework */; };
/* End PBXBuildFile section */

/* Begin PBXContainerItemProxy section */
		961651902940A577008E1575 /* PBXContainerItemProxy */ = {
			isa = PBXContainerItemProxy;
			containerPortal = 9616516E2940A574008E1575 /* Project object */;
			proxyType = 1;
			remoteGlobalIDString = 961651752940A574008E1575;
			remoteInfo = ConvertCoin;
		};
		9616519A2940A577008E1575 /* PBXContainerItemProxy */ = {
			isa = PBXContainerItemProxy;
			containerPortal = 9616516E2940A574008E1575 /* Project object */;
			proxyType = 1;
			remoteGlobalIDString = 961651752940A574008E1575;
			remoteInfo = ConvertCoin;
		};
/* End PBXContainerItemProxy section */

/* Begin PBXFileReference section */
		186F0E6060CD68CD376FFA4C /* Pods-ConvertCoinTests.debug.xcconfig */ = {isa = PBXFileReference; includeInIndex = 1; lastKnownFileType = text.xcconfig; name = "Pods-ConvertCoinTests.debug.xcconfig"; path = "Target Support Files/Pods-ConvertCoinTests/Pods-ConvertCoinTests.debug.xcconfig"; sourceTree = "<group>"; };
		329CA0089FDC0A9F67824299 /* Pods_ConvertCoin.framework */ = {isa = PBXFileReference; explicitFileType = wrapper.framework; includeInIndex = 0; path = Pods_ConvertCoin.framework; sourceTree = BUILT_PRODUCTS_DIR; };
		3B03084A956C6BD9E3BACDA0 /* Pods-ConvertCoin-ConvertCoinUITests.debug.xcconfig */ = {isa = PBXFileReference; includeInIndex = 1; lastKnownFileType = text.xcconfig; name = "Pods-ConvertCoin-ConvertCoinUITests.debug.xcconfig"; path = "Target Support Files/Pods-ConvertCoin-ConvertCoinUITests/Pods-ConvertCoin-ConvertCoinUITests.debug.xcconfig"; sourceTree = "<group>"; };
		546077DF4F0D563753358767 /* Pods-ConvertCoin-ConvertCoinUITests.release.xcconfig */ = {isa = PBXFileReference; includeInIndex = 1; lastKnownFileType = text.xcconfig; name = "Pods-ConvertCoin-ConvertCoinUITests.release.xcconfig"; path = "Target Support Files/Pods-ConvertCoin-ConvertCoinUITests/Pods-ConvertCoin-ConvertCoinUITests.release.xcconfig"; sourceTree = "<group>"; };
		6505CDC13F0C556ACE2467D2 /* Pods-ConvertCoin.debug.xcconfig */ = {isa = PBXFileReference; includeInIndex = 1; lastKnownFileType = text.xcconfig; name = "Pods-ConvertCoin.debug.xcconfig"; path = "Target Support Files/Pods-ConvertCoin/Pods-ConvertCoin.debug.xcconfig"; sourceTree = "<group>"; };
		9611FD6B2940C2D00090B28B /* CoinConverterController.swift */ = {isa = PBXFileReference; lastKnownFileType = sourcecode.swift; path = CoinConverterController.swift; sourceTree = "<group>"; };
		9611FD6D2940C3800090B28B /* Main.storyboard */ = {isa = PBXFileReference; fileEncoding = 4; lastKnownFileType = file.storyboard; path = Main.storyboard; sourceTree = "<group>"; };
		9611FD6F2940CC3B0090B28B /* CoinResponse.swift */ = {isa = PBXFileReference; lastKnownFileType = sourcecode.swift; path = CoinResponse.swift; sourceTree = "<group>"; };
		9611FD712940D31E0090B28B /* WebService.swift */ = {isa = PBXFileReference; lastKnownFileType = sourcecode.swift; path = WebService.swift; sourceTree = "<group>"; };
		9611FD752940D4C30090B28B /* Enums.swift */ = {isa = PBXFileReference; lastKnownFileType = sourcecode.swift; path = Enums.swift; sourceTree = "<group>"; };
		9611FD772940D4EA0090B28B /* CoinConverterViewModel.swift */ = {isa = PBXFileReference; lastKnownFileType = sourcecode.swift; path = CoinConverterViewModel.swift; sourceTree = "<group>"; };
		961651762940A574008E1575 /* ConvertCoin.app */ = {isa = PBXFileReference; explicitFileType = wrapper.application; includeInIndex = 0; path = ConvertCoin.app; sourceTree = BUILT_PRODUCTS_DIR; };
		961651792940A574008E1575 /* AppDelegate.swift */ = {isa = PBXFileReference; lastKnownFileType = sourcecode.swift; path = AppDelegate.swift; sourceTree = "<group>"; };
		9616517B2940A574008E1575 /* SceneDelegate.swift */ = {isa = PBXFileReference; lastKnownFileType = sourcecode.swift; path = SceneDelegate.swift; sourceTree = "<group>"; };
		9616517D2940A574008E1575 /* ViewController.swift */ = {isa = PBXFileReference; lastKnownFileType = sourcecode.swift; path = ViewController.swift; sourceTree = "<group>"; };
		961651832940A574008E1575 /* ConvertCoin.xcdatamodel */ = {isa = PBXFileReference; lastKnownFileType = wrapper.xcdatamodel; path = ConvertCoin.xcdatamodel; sourceTree = "<group>"; };
		961651852940A577008E1575 /* Assets.xcassets */ = {isa = PBXFileReference; lastKnownFileType = folder.assetcatalog; path = Assets.xcassets; sourceTree = "<group>"; };
		961651882940A577008E1575 /* Base */ = {isa = PBXFileReference; lastKnownFileType = file.storyboard; name = Base; path = Base.lproj/LaunchScreen.storyboard; sourceTree = "<group>"; };
		9616518A2940A577008E1575 /* Info.plist */ = {isa = PBXFileReference; lastKnownFileType = text.plist.xml; path = Info.plist; sourceTree = "<group>"; };
		9616518F2940A577008E1575 /* ConvertCoinTests.xctest */ = {isa = PBXFileReference; explicitFileType = wrapper.cfbundle; includeInIndex = 0; path = ConvertCoinTests.xctest; sourceTree = BUILT_PRODUCTS_DIR; };
		961651932940A577008E1575 /* ConvertCoinTests.swift */ = {isa = PBXFileReference; lastKnownFileType = sourcecode.swift; path = ConvertCoinTests.swift; sourceTree = "<group>"; };
		961651992940A577008E1575 /* ConvertCoinUITests.xctest */ = {isa = PBXFileReference; explicitFileType = wrapper.cfbundle; includeInIndex = 0; path = ConvertCoinUITests.xctest; sourceTree = BUILT_PRODUCTS_DIR; };
		9616519D2940A577008E1575 /* ConvertCoinUITests.swift */ = {isa = PBXFileReference; lastKnownFileType = sourcecode.swift; path = ConvertCoinUITests.swift; sourceTree = "<group>"; };
		9616519F2940A577008E1575 /* ConvertCoinUITestsLaunchTests.swift */ = {isa = PBXFileReference; lastKnownFileType = sourcecode.swift; path = ConvertCoinUITestsLaunchTests.swift; sourceTree = "<group>"; };
		9692BB7F29410FE200CAF3CC /* ExchangeUserDefault.swift */ = {isa = PBXFileReference; lastKnownFileType = sourcecode.swift; path = ExchangeUserDefault.swift; sourceTree = "<group>"; };
		9692BB812941182600CAF3CC /* CoinConvertTableController.swift */ = {isa = PBXFileReference; lastKnownFileType = sourcecode.swift; path = CoinConvertTableController.swift; sourceTree = "<group>"; };
		9692BB842941186400CAF3CC /* HistoryCell.swift */ = {isa = PBXFileReference; lastKnownFileType = sourcecode.swift; path = HistoryCell.swift; sourceTree = "<group>"; };
		96A0267A29410E0C00CCB001 /* String.swift */ = {isa = PBXFileReference; lastKnownFileType = sourcecode.swift; path = String.swift; sourceTree = "<group>"; };
		96A0267C29410E1900CCB001 /* UIView.swift */ = {isa = PBXFileReference; lastKnownFileType = sourcecode.swift; path = UIView.swift; sourceTree = "<group>"; };
		A534E150B207AAE08B6F2210 /* Pods-ConvertCoinTests.release.xcconfig */ = {isa = PBXFileReference; includeInIndex = 1; lastKnownFileType = text.xcconfig; name = "Pods-ConvertCoinTests.release.xcconfig"; path = "Target Support Files/Pods-ConvertCoinTests/Pods-ConvertCoinTests.release.xcconfig"; sourceTree = "<group>"; };
		A67BD6FAD0327CB4052B89AA /* Pods_ConvertCoin_ConvertCoinUITests.framework */ = {isa = PBXFileReference; explicitFileType = wrapper.framework; includeInIndex = 0; path = Pods_ConvertCoin_ConvertCoinUITests.framework; sourceTree = BUILT_PRODUCTS_DIR; };
		E23842E8FD2F0160A72803DD /* Pods_ConvertCoinTests.framework */ = {isa = PBXFileReference; explicitFileType = wrapper.framework; includeInIndex = 0; path = Pods_ConvertCoinTests.framework; sourceTree = BUILT_PRODUCTS_DIR; };
		E89653E3DDE8391BC5D48825 /* Pods-ConvertCoin.release.xcconfig */ = {isa = PBXFileReference; includeInIndex = 1; lastKnownFileType = text.xcconfig; name = "Pods-ConvertCoin.release.xcconfig"; path = "Target Support Files/Pods-ConvertCoin/Pods-ConvertCoin.release.xcconfig"; sourceTree = "<group>"; };
/* End PBXFileReference section */

/* Begin PBXFrameworksBuildPhase section */
		961651732940A574008E1575 /* Frameworks */ = {
			isa = PBXFrameworksBuildPhase;
			buildActionMask = 2147483647;
			files = (
				A1CAD89075A42F8EAEA8E8E6 /* Pods_ConvertCoin.framework in Frameworks */,
			);
			runOnlyForDeploymentPostprocessing = 0;
		};
		9616518C2940A577008E1575 /* Frameworks */ = {
			isa = PBXFrameworksBuildPhase;
			buildActionMask = 2147483647;
			files = (
				3B1080D8CDFC42F256C1D5C1 /* Pods_ConvertCoinTests.framework in Frameworks */,
			);
			runOnlyForDeploymentPostprocessing = 0;
		};
		961651962940A577008E1575 /* Frameworks */ = {
			isa = PBXFrameworksBuildPhase;
			buildActionMask = 2147483647;
			files = (
				7297A443D2BD7517AEC8527B /* Pods_ConvertCoin_ConvertCoinUITests.framework in Frameworks */,
			);
			runOnlyForDeploymentPostprocessing = 0;
		};
/* End PBXFrameworksBuildPhase section */

/* Begin PBXGroup section */
		9611FD732940D48E0090B28B /* Support */ = {
			isa = PBXGroup;
			children = (
				96A0267E29410E5100CCB001 /* UserDefault */,
				96A0267929410DF900CCB001 /* Extensions */,
				9611FD742940D49F0090B28B /* Enum */,
			);
			path = Support;
			sourceTree = "<group>";
		};
		9611FD742940D49F0090B28B /* Enum */ = {
			isa = PBXGroup;
			children = (
				9611FD752940D4C30090B28B /* Enums.swift */,
			);
			path = Enum;
			sourceTree = "<group>";
		};
		9616516D2940A574008E1575 = {
			isa = PBXGroup;
			children = (
				961651782940A574008E1575 /* ConvertCoin */,
				961651922940A577008E1575 /* ConvertCoinTests */,
				9616519C2940A577008E1575 /* ConvertCoinUITests */,
				961651772940A574008E1575 /* Products */,
				F9A328EF9C62C8D7F3A4EEEE /* Pods */,
				BE6640ADB6893B7A609919D7 /* Frameworks */,
			);
			sourceTree = "<group>";
		};
		961651772940A574008E1575 /* Products */ = {
			isa = PBXGroup;
			children = (
				961651762940A574008E1575 /* ConvertCoin.app */,
				9616518F2940A577008E1575 /* ConvertCoinTests.xctest */,
				961651992940A577008E1575 /* ConvertCoinUITests.xctest */,
			);
			name = Products;
			sourceTree = "<group>";
		};
		961651782940A574008E1575 /* ConvertCoin */ = {
			isa = PBXGroup;
			children = (
				9611FD732940D48E0090B28B /* Support */,
				961651AC2940A5F8008E1575 /* Controller */,
				961651AD2940A607008E1575 /* Model */,
				961651AE2940A613008E1575 /* View */,
				961651AF2940A624008E1575 /* ViewModel */,
				961651B02940A630008E1575 /* WebService */,
				961651B12940A646008E1575 /* Delegate */,
				961651852940A577008E1575 /* Assets.xcassets */,
				961651872940A577008E1575 /* LaunchScreen.storyboard */,
				9616518A2940A577008E1575 /* Info.plist */,
				961651822940A574008E1575 /* ConvertCoin.xcdatamodeld */,
			);
			path = ConvertCoin;
			sourceTree = "<group>";
		};
		961651922940A577008E1575 /* ConvertCoinTests */ = {
			isa = PBXGroup;
			children = (
				961651932940A577008E1575 /* ConvertCoinTests.swift */,
			);
			path = ConvertCoinTests;
			sourceTree = "<group>";
		};
		9616519C2940A577008E1575 /* ConvertCoinUITests */ = {
			isa = PBXGroup;
			children = (
				9616519D2940A577008E1575 /* ConvertCoinUITests.swift */,
				9616519F2940A577008E1575 /* ConvertCoinUITestsLaunchTests.swift */,
			);
			path = ConvertCoinUITests;
			sourceTree = "<group>";
		};
		961651AC2940A5F8008E1575 /* Controller */ = {
			isa = PBXGroup;
			children = (
				9692BB832941184600CAF3CC /* Cell */,
				9616517D2940A574008E1575 /* ViewController.swift */,
				9611FD6B2940C2D00090B28B /* CoinConverterController.swift */,
				9692BB812941182600CAF3CC /* CoinConvertTableController.swift */,
			);
			path = Controller;
			sourceTree = "<group>";
		};
		961651AD2940A607008E1575 /* Model */ = {
			isa = PBXGroup;
			children = (
				9611FD6F2940CC3B0090B28B /* CoinResponse.swift */,
			);
			path = Model;
			sourceTree = "<group>";
		};
		961651AE2940A613008E1575 /* View */ = {
			isa = PBXGroup;
			children = (
				9611FD6D2940C3800090B28B /* Main.storyboard */,
			);
			path = View;
			sourceTree = "<group>";
		};
		961651AF2940A624008E1575 /* ViewModel */ = {
			isa = PBXGroup;
			children = (
				9611FD772940D4EA0090B28B /* CoinConverterViewModel.swift */,
			);
			path = ViewModel;
			sourceTree = "<group>";
		};
		961651B02940A630008E1575 /* WebService */ = {
			isa = PBXGroup;
			children = (
				9611FD712940D31E0090B28B /* WebService.swift */,
			);
			path = WebService;
			sourceTree = "<group>";
		};
		961651B12940A646008E1575 /* Delegate */ = {
			isa = PBXGroup;
			children = (
				961651792940A574008E1575 /* AppDelegate.swift */,
				9616517B2940A574008E1575 /* SceneDelegate.swift */,
			);
			path = Delegate;
			sourceTree = "<group>";
		};
		9692BB832941184600CAF3CC /* Cell */ = {
			isa = PBXGroup;
			children = (
				9692BB842941186400CAF3CC /* HistoryCell.swift */,
			);
			path = Cell;
			sourceTree = "<group>";
		};
		96A0267929410DF900CCB001 /* Extensions */ = {
			isa = PBXGroup;
			children = (
				96A0267A29410E0C00CCB001 /* String.swift */,
				96A0267C29410E1900CCB001 /* UIView.swift */,
			);
			path = Extensions;
			sourceTree = "<group>";
		};
		96A0267E29410E5100CCB001 /* UserDefault */ = {
			isa = PBXGroup;
			children = (
				9692BB7F29410FE200CAF3CC /* ExchangeUserDefault.swift */,
			);
			path = UserDefault;
			sourceTree = "<group>";
		};
		BE6640ADB6893B7A609919D7 /* Frameworks */ = {
			isa = PBXGroup;
			children = (
				329CA0089FDC0A9F67824299 /* Pods_ConvertCoin.framework */,
				A67BD6FAD0327CB4052B89AA /* Pods_ConvertCoin_ConvertCoinUITests.framework */,
				E23842E8FD2F0160A72803DD /* Pods_ConvertCoinTests.framework */,
			);
			name = Frameworks;
			sourceTree = "<group>";
		};
		F9A328EF9C62C8D7F3A4EEEE /* Pods */ = {
			isa = PBXGroup;
			children = (
				6505CDC13F0C556ACE2467D2 /* Pods-ConvertCoin.debug.xcconfig */,
				E89653E3DDE8391BC5D48825 /* Pods-ConvertCoin.release.xcconfig */,
				3B03084A956C6BD9E3BACDA0 /* Pods-ConvertCoin-ConvertCoinUITests.debug.xcconfig */,
				546077DF4F0D563753358767 /* Pods-ConvertCoin-ConvertCoinUITests.release.xcconfig */,
				186F0E6060CD68CD376FFA4C /* Pods-ConvertCoinTests.debug.xcconfig */,
				A534E150B207AAE08B6F2210 /* Pods-ConvertCoinTests.release.xcconfig */,
			);
			path = Pods;
			sourceTree = "<group>";
		};
/* End PBXGroup section */

/* Begin PBXNativeTarget section */
		961651752940A574008E1575 /* ConvertCoin */ = {
			isa = PBXNativeTarget;
			buildConfigurationList = 961651A32940A577008E1575 /* Build configuration list for PBXNativeTarget "ConvertCoin" */;
			buildPhases = (
				59B32E2B766F1C7C9AA9457E /* [CP] Check Pods Manifest.lock */,
				961651722940A574008E1575 /* Sources */,
				961651732940A574008E1575 /* Frameworks */,
				961651742940A574008E1575 /* Resources */,
				54FFFCCB1C28F41A7BC666A0 /* [CP] Embed Pods Frameworks */,
			);
			buildRules = (
			);
			dependencies = (
			);
			name = ConvertCoin;
			productName = ConvertCoin;
			productReference = 961651762940A574008E1575 /* ConvertCoin.app */;
			productType = "com.apple.product-type.application";
		};
		9616518E2940A577008E1575 /* ConvertCoinTests */ = {
			isa = PBXNativeTarget;
			buildConfigurationList = 961651A62940A577008E1575 /* Build configuration list for PBXNativeTarget "ConvertCoinTests" */;
			buildPhases = (
				AC37F47D9DE1C581B34CD664 /* [CP] Check Pods Manifest.lock */,
				9616518B2940A577008E1575 /* Sources */,
				9616518C2940A577008E1575 /* Frameworks */,
				9616518D2940A577008E1575 /* Resources */,
			);
			buildRules = (
			);
			dependencies = (
				961651912940A577008E1575 /* PBXTargetDependency */,
			);
			name = ConvertCoinTests;
			productName = ConvertCoinTests;
			productReference = 9616518F2940A577008E1575 /* ConvertCoinTests.xctest */;
			productType = "com.apple.product-type.bundle.unit-test";
		};
		961651982940A577008E1575 /* ConvertCoinUITests */ = {
			isa = PBXNativeTarget;
			buildConfigurationList = 961651A92940A577008E1575 /* Build configuration list for PBXNativeTarget "ConvertCoinUITests" */;
			buildPhases = (
				CF14BFCA54BCA68ABB45FB29 /* [CP] Check Pods Manifest.lock */,
				961651952940A577008E1575 /* Sources */,
				961651962940A577008E1575 /* Frameworks */,
				961651972940A577008E1575 /* Resources */,
				47EC85CCFE96728E063DCAAC /* [CP] Embed Pods Frameworks */,
			);
			buildRules = (
			);
			dependencies = (
				9616519B2940A577008E1575 /* PBXTargetDependency */,
			);
			name = ConvertCoinUITests;
			productName = ConvertCoinUITests;
			productReference = 961651992940A577008E1575 /* ConvertCoinUITests.xctest */;
			productType = "com.apple.product-type.bundle.ui-testing";
		};
/* End PBXNativeTarget section */

/* Begin PBXProject section */
		9616516E2940A574008E1575 /* Project object */ = {
			isa = PBXProject;
			attributes = {
				BuildIndependentTargetsInParallel = 1;
				LastSwiftUpdateCheck = 1340;
				LastUpgradeCheck = 1340;
				TargetAttributes = {
					961651752940A574008E1575 = {
						CreatedOnToolsVersion = 13.4.1;
					};
					9616518E2940A577008E1575 = {
						CreatedOnToolsVersion = 13.4.1;
						TestTargetID = 961651752940A574008E1575;
					};
					961651982940A577008E1575 = {
						CreatedOnToolsVersion = 13.4.1;
						TestTargetID = 961651752940A574008E1575;
					};
				};
			};
			buildConfigurationList = 961651712940A574008E1575 /* Build configuration list for PBXProject "ConvertCoin" */;
			compatibilityVersion = "Xcode 13.0";
			developmentRegion = en;
			hasScannedForEncodings = 0;
			knownRegions = (
				en,
				Base,
			);
			mainGroup = 9616516D2940A574008E1575;
			productRefGroup = 961651772940A574008E1575 /* Products */;
			projectDirPath = "";
			projectRoot = "";
			targets = (
				961651752940A574008E1575 /* ConvertCoin */,
				9616518E2940A577008E1575 /* ConvertCoinTests */,
				961651982940A577008E1575 /* ConvertCoinUITests */,
			);
		};
/* End PBXProject section */

/* Begin PBXResourcesBuildPhase section */
		961651742940A574008E1575 /* Resources */ = {
			isa = PBXResourcesBuildPhase;
			buildActionMask = 2147483647;
			files = (
				961651892940A577008E1575 /* LaunchScreen.storyboard in Resources */,
				961651862940A577008E1575 /* Assets.xcassets in Resources */,
				9611FD6E2940C3800090B28B /* Main.storyboard in Resources */,
			);
			runOnlyForDeploymentPostprocessing = 0;
		};
		9616518D2940A577008E1575 /* Resources */ = {
			isa = PBXResourcesBuildPhase;
			buildActionMask = 2147483647;
			files = (
			);
			runOnlyForDeploymentPostprocessing = 0;
		};
		961651972940A577008E1575 /* Resources */ = {
			isa = PBXResourcesBuildPhase;
			buildActionMask = 2147483647;
			files = (
			);
			runOnlyForDeploymentPostprocessing = 0;
		};
/* End PBXResourcesBuildPhase section */

/* Begin PBXShellScriptBuildPhase section */
		47EC85CCFE96728E063DCAAC /* [CP] Embed Pods Frameworks */ = {
			isa = PBXShellScriptBuildPhase;
			buildActionMask = 2147483647;
			files = (
			);
			inputFileListPaths = (
				"${PODS_ROOT}/Target Support Files/Pods-ConvertCoin-ConvertCoinUITests/Pods-ConvertCoin-ConvertCoinUITests-frameworks-${CONFIGURATION}-input-files.xcfilelist",
			);
			name = "[CP] Embed Pods Frameworks";
			outputFileListPaths = (
				"${PODS_ROOT}/Target Support Files/Pods-ConvertCoin-ConvertCoinUITests/Pods-ConvertCoin-ConvertCoinUITests-frameworks-${CONFIGURATION}-output-files.xcfilelist",
			);
			runOnlyForDeploymentPostprocessing = 0;
			shellPath = /bin/sh;
			shellScript = "\"${PODS_ROOT}/Target Support Files/Pods-ConvertCoin-ConvertCoinUITests/Pods-ConvertCoin-ConvertCoinUITests-frameworks.sh\"\n";
			showEnvVarsInLog = 0;
		};
		54FFFCCB1C28F41A7BC666A0 /* [CP] Embed Pods Frameworks */ = {
			isa = PBXShellScriptBuildPhase;
			buildActionMask = 2147483647;
			files = (
			);
			inputFileListPaths = (
				"${PODS_ROOT}/Target Support Files/Pods-ConvertCoin/Pods-ConvertCoin-frameworks-${CONFIGURATION}-input-files.xcfilelist",
			);
			name = "[CP] Embed Pods Frameworks";
			outputFileListPaths = (
				"${PODS_ROOT}/Target Support Files/Pods-ConvertCoin/Pods-ConvertCoin-frameworks-${CONFIGURATION}-output-files.xcfilelist",
			);
			runOnlyForDeploymentPostprocessing = 0;
			shellPath = /bin/sh;
			shellScript = "\"${PODS_ROOT}/Target Support Files/Pods-ConvertCoin/Pods-ConvertCoin-frameworks.sh\"\n";
			showEnvVarsInLog = 0;
		};
		59B32E2B766F1C7C9AA9457E /* [CP] Check Pods Manifest.lock */ = {
			isa = PBXShellScriptBuildPhase;
			buildActionMask = 2147483647;
			files = (
			);
			inputFileListPaths = (
			);
			inputPaths = (
				"${PODS_PODFILE_DIR_PATH}/Podfile.lock",
				"${PODS_ROOT}/Manifest.lock",
			);
			name = "[CP] Check Pods Manifest.lock";
			outputFileListPaths = (
			);
			outputPaths = (
				"$(DERIVED_FILE_DIR)/Pods-ConvertCoin-checkManifestLockResult.txt",
			);
			runOnlyForDeploymentPostprocessing = 0;
			shellPath = /bin/sh;
			shellScript = "diff \"${PODS_PODFILE_DIR_PATH}/Podfile.lock\" \"${PODS_ROOT}/Manifest.lock\" > /dev/null\nif [ $? != 0 ] ; then\n    # print error to STDERR\n    echo \"error: The sandbox is not in sync with the Podfile.lock. Run 'pod install' or update your CocoaPods installation.\" >&2\n    exit 1\nfi\n# This output is used by Xcode 'outputs' to avoid re-running this script phase.\necho \"SUCCESS\" > \"${SCRIPT_OUTPUT_FILE_0}\"\n";
			showEnvVarsInLog = 0;
		};
		AC37F47D9DE1C581B34CD664 /* [CP] Check Pods Manifest.lock */ = {
			isa = PBXShellScriptBuildPhase;
			buildActionMask = 2147483647;
			files = (
			);
			inputFileListPaths = (
			);
			inputPaths = (
				"${PODS_PODFILE_DIR_PATH}/Podfile.lock",
				"${PODS_ROOT}/Manifest.lock",
			);
			name = "[CP] Check Pods Manifest.lock";
			outputFileListPaths = (
			);
			outputPaths = (
				"$(DERIVED_FILE_DIR)/Pods-ConvertCoinTests-checkManifestLockResult.txt",
			);
			runOnlyForDeploymentPostprocessing = 0;
			shellPath = /bin/sh;
			shellScript = "diff \"${PODS_PODFILE_DIR_PATH}/Podfile.lock\" \"${PODS_ROOT}/Manifest.lock\" > /dev/null\nif [ $? != 0 ] ; then\n    # print error to STDERR\n    echo \"error: The sandbox is not in sync with the Podfile.lock. Run 'pod install' or update your CocoaPods installation.\" >&2\n    exit 1\nfi\n# This output is used by Xcode 'outputs' to avoid re-running this script phase.\necho \"SUCCESS\" > \"${SCRIPT_OUTPUT_FILE_0}\"\n";
			showEnvVarsInLog = 0;
		};
		CF14BFCA54BCA68ABB45FB29 /* [CP] Check Pods Manifest.lock */ = {
			isa = PBXShellScriptBuildPhase;
			buildActionMask = 2147483647;
			files = (
			);
			inputFileListPaths = (
			);
			inputPaths = (
				"${PODS_PODFILE_DIR_PATH}/Podfile.lock",
				"${PODS_ROOT}/Manifest.lock",
			);
			name = "[CP] Check Pods Manifest.lock";
			outputFileListPaths = (
			);
			outputPaths = (
				"$(DERIVED_FILE_DIR)/Pods-ConvertCoin-ConvertCoinUITests-checkManifestLockResult.txt",
			);
			runOnlyForDeploymentPostprocessing = 0;
			shellPath = /bin/sh;
			shellScript = "diff \"${PODS_PODFILE_DIR_PATH}/Podfile.lock\" \"${PODS_ROOT}/Manifest.lock\" > /dev/null\nif [ $? != 0 ] ; then\n    # print error to STDERR\n    echo \"error: The sandbox is not in sync with the Podfile.lock. Run 'pod install' or update your CocoaPods installation.\" >&2\n    exit 1\nfi\n# This output is used by Xcode 'outputs' to avoid re-running this script phase.\necho \"SUCCESS\" > \"${SCRIPT_OUTPUT_FILE_0}\"\n";
			showEnvVarsInLog = 0;
		};
/* End PBXShellScriptBuildPhase section */

/* Begin PBXSourcesBuildPhase section */
		961651722940A574008E1575 /* Sources */ = {
			isa = PBXSourcesBuildPhase;
			buildActionMask = 2147483647;
			files = (
				9692BB822941182600CAF3CC /* CoinConvertTableController.swift in Sources */,
				9616517E2940A574008E1575 /* ViewController.swift in Sources */,
				9611FD782940D4EA0090B28B /* CoinConverterViewModel.swift in Sources */,
				96A0267D29410E1900CCB001 /* UIView.swift in Sources */,
				96A0267B29410E0C00CCB001 /* String.swift in Sources */,
				9616517A2940A574008E1575 /* AppDelegate.swift in Sources */,
				9611FD722940D31E0090B28B /* WebService.swift in Sources */,
				961651842940A574008E1575 /* ConvertCoin.xcdatamodeld in Sources */,
				9692BB852941186400CAF3CC /* HistoryCell.swift in Sources */,
				9692BB8029410FE200CAF3CC /* ExchangeUserDefault.swift in Sources */,
				9611FD702940CC3B0090B28B /* CoinResponse.swift in Sources */,
				9611FD6C2940C2D00090B28B /* CoinConverterController.swift in Sources */,
				9611FD762940D4C30090B28B /* Enums.swift in Sources */,
				9616517C2940A574008E1575 /* SceneDelegate.swift in Sources */,
			);
			runOnlyForDeploymentPostprocessing = 0;
		};
		9616518B2940A577008E1575 /* Sources */ = {
			isa = PBXSourcesBuildPhase;
			buildActionMask = 2147483647;
			files = (
				961651942940A577008E1575 /* ConvertCoinTests.swift in Sources */,
			);
			runOnlyForDeploymentPostprocessing = 0;
		};
		961651952940A577008E1575 /* Sources */ = {
			isa = PBXSourcesBuildPhase;
			buildActionMask = 2147483647;
			files = (
				9616519E2940A577008E1575 /* ConvertCoinUITests.swift in Sources */,
				961651A02940A577008E1575 /* ConvertCoinUITestsLaunchTests.swift in Sources */,
			);
			runOnlyForDeploymentPostprocessing = 0;
		};
/* End PBXSourcesBuildPhase section */

/* Begin PBXTargetDependency section */
		961651912940A577008E1575 /* PBXTargetDependency */ = {
			isa = PBXTargetDependency;
			target = 961651752940A574008E1575 /* ConvertCoin */;
			targetProxy = 961651902940A577008E1575 /* PBXContainerItemProxy */;
		};
		9616519B2940A577008E1575 /* PBXTargetDependency */ = {
			isa = PBXTargetDependency;
			target = 961651752940A574008E1575 /* ConvertCoin */;
			targetProxy = 9616519A2940A577008E1575 /* PBXContainerItemProxy */;
		};
/* End PBXTargetDependency section */

/* Begin PBXVariantGroup section */
		961651872940A577008E1575 /* LaunchScreen.storyboard */ = {
			isa = PBXVariantGroup;
			children = (
				961651882940A577008E1575 /* Base */,
			);
			name = LaunchScreen.storyboard;
			sourceTree = "<group>";
		};
/* End PBXVariantGroup section */

/* Begin XCBuildConfiguration section */
		961651A12940A577008E1575 /* Debug */ = {
			isa = XCBuildConfiguration;
			buildSettings = {
				ALWAYS_SEARCH_USER_PATHS = NO;
				CLANG_ANALYZER_NONNULL = YES;
				CLANG_ANALYZER_NUMBER_OBJECT_CONVERSION = YES_AGGRESSIVE;
				CLANG_CXX_LANGUAGE_STANDARD = "gnu++17";
				CLANG_ENABLE_MODULES = YES;
				CLANG_ENABLE_OBJC_ARC = YES;
				CLANG_ENABLE_OBJC_WEAK = YES;
				CLANG_WARN_BLOCK_CAPTURE_AUTORELEASING = YES;
				CLANG_WARN_BOOL_CONVERSION = YES;
				CLANG_WARN_COMMA = YES;
				CLANG_WARN_CONSTANT_CONVERSION = YES;
				CLANG_WARN_DEPRECATED_OBJC_IMPLEMENTATIONS = YES;
				CLANG_WARN_DIRECT_OBJC_ISA_USAGE = YES_ERROR;
				CLANG_WARN_DOCUMENTATION_COMMENTS = YES;
				CLANG_WARN_EMPTY_BODY = YES;
				CLANG_WARN_ENUM_CONVERSION = YES;
				CLANG_WARN_INFINITE_RECURSION = YES;
				CLANG_WARN_INT_CONVERSION = YES;
				CLANG_WARN_NON_LITERAL_NULL_CONVERSION = YES;
				CLANG_WARN_OBJC_IMPLICIT_RETAIN_SELF = YES;
				CLANG_WARN_OBJC_LITERAL_CONVERSION = YES;
				CLANG_WARN_OBJC_ROOT_CLASS = YES_ERROR;
				CLANG_WARN_QUOTED_INCLUDE_IN_FRAMEWORK_HEADER = YES;
				CLANG_WARN_RANGE_LOOP_ANALYSIS = YES;
				CLANG_WARN_STRICT_PROTOTYPES = YES;
				CLANG_WARN_SUSPICIOUS_MOVE = YES;
				CLANG_WARN_UNGUARDED_AVAILABILITY = YES_AGGRESSIVE;
				CLANG_WARN_UNREACHABLE_CODE = YES;
				CLANG_WARN__DUPLICATE_METHOD_MATCH = YES;
				COPY_PHASE_STRIP = NO;
				DEBUG_INFORMATION_FORMAT = dwarf;
				ENABLE_STRICT_OBJC_MSGSEND = YES;
				ENABLE_TESTABILITY = YES;
				GCC_C_LANGUAGE_STANDARD = gnu11;
				GCC_DYNAMIC_NO_PIC = NO;
				GCC_NO_COMMON_BLOCKS = YES;
				GCC_OPTIMIZATION_LEVEL = 0;
				GCC_PREPROCESSOR_DEFINITIONS = (
					"DEBUG=1",
					"$(inherited)",
				);
				GCC_WARN_64_TO_32_BIT_CONVERSION = YES;
				GCC_WARN_ABOUT_RETURN_TYPE = YES_ERROR;
				GCC_WARN_UNDECLARED_SELECTOR = YES;
				GCC_WARN_UNINITIALIZED_AUTOS = YES_AGGRESSIVE;
				GCC_WARN_UNUSED_FUNCTION = YES;
				GCC_WARN_UNUSED_VARIABLE = YES;
				IPHONEOS_DEPLOYMENT_TARGET = 15.5;
				MTL_ENABLE_DEBUG_INFO = INCLUDE_SOURCE;
				MTL_FAST_MATH = YES;
				ONLY_ACTIVE_ARCH = YES;
				SDKROOT = iphoneos;
				SWIFT_ACTIVE_COMPILATION_CONDITIONS = DEBUG;
				SWIFT_OPTIMIZATION_LEVEL = "-Onone";
			};
			name = Debug;
		};
		961651A22940A577008E1575 /* Release */ = {
			isa = XCBuildConfiguration;
			buildSettings = {
				ALWAYS_SEARCH_USER_PATHS = NO;
				CLANG_ANALYZER_NONNULL = YES;
				CLANG_ANALYZER_NUMBER_OBJECT_CONVERSION = YES_AGGRESSIVE;
				CLANG_CXX_LANGUAGE_STANDARD = "gnu++17";
				CLANG_ENABLE_MODULES = YES;
				CLANG_ENABLE_OBJC_ARC = YES;
				CLANG_ENABLE_OBJC_WEAK = YES;
				CLANG_WARN_BLOCK_CAPTURE_AUTORELEASING = YES;
				CLANG_WARN_BOOL_CONVERSION = YES;
				CLANG_WARN_COMMA = YES;
				CLANG_WARN_CONSTANT_CONVERSION = YES;
				CLANG_WARN_DEPRECATED_OBJC_IMPLEMENTATIONS = YES;
				CLANG_WARN_DIRECT_OBJC_ISA_USAGE = YES_ERROR;
				CLANG_WARN_DOCUMENTATION_COMMENTS = YES;
				CLANG_WARN_EMPTY_BODY = YES;
				CLANG_WARN_ENUM_CONVERSION = YES;
				CLANG_WARN_INFINITE_RECURSION = YES;
				CLANG_WARN_INT_CONVERSION = YES;
				CLANG_WARN_NON_LITERAL_NULL_CONVERSION = YES;
				CLANG_WARN_OBJC_IMPLICIT_RETAIN_SELF = YES;
				CLANG_WARN_OBJC_LITERAL_CONVERSION = YES;
				CLANG_WARN_OBJC_ROOT_CLASS = YES_ERROR;
				CLANG_WARN_QUOTED_INCLUDE_IN_FRAMEWORK_HEADER = YES;
				CLANG_WARN_RANGE_LOOP_ANALYSIS = YES;
				CLANG_WARN_STRICT_PROTOTYPES = YES;
				CLANG_WARN_SUSPICIOUS_MOVE = YES;
				CLANG_WARN_UNGUARDED_AVAILABILITY = YES_AGGRESSIVE;
				CLANG_WARN_UNREACHABLE_CODE = YES;
				CLANG_WARN__DUPLICATE_METHOD_MATCH = YES;
				COPY_PHASE_STRIP = NO;
				DEBUG_INFORMATION_FORMAT = "dwarf-with-dsym";
				ENABLE_NS_ASSERTIONS = NO;
				ENABLE_STRICT_OBJC_MSGSEND = YES;
				GCC_C_LANGUAGE_STANDARD = gnu11;
				GCC_NO_COMMON_BLOCKS = YES;
				GCC_WARN_64_TO_32_BIT_CONVERSION = YES;
				GCC_WARN_ABOUT_RETURN_TYPE = YES_ERROR;
				GCC_WARN_UNDECLARED_SELECTOR = YES;
				GCC_WARN_UNINITIALIZED_AUTOS = YES_AGGRESSIVE;
				GCC_WARN_UNUSED_FUNCTION = YES;
				GCC_WARN_UNUSED_VARIABLE = YES;
				IPHONEOS_DEPLOYMENT_TARGET = 15.5;
				MTL_ENABLE_DEBUG_INFO = NO;
				MTL_FAST_MATH = YES;
				SDKROOT = iphoneos;
				SWIFT_COMPILATION_MODE = wholemodule;
				SWIFT_OPTIMIZATION_LEVEL = "-O";
				VALIDATE_PRODUCT = YES;
			};
			name = Release;
		};
		961651A42940A577008E1575 /* Debug */ = {
			isa = XCBuildConfiguration;
			baseConfigurationReference = 6505CDC13F0C556ACE2467D2 /* Pods-ConvertCoin.debug.xcconfig */;
			buildSettings = {
				ASSETCATALOG_COMPILER_APPICON_NAME = AppIcon;
				ASSETCATALOG_COMPILER_GLOBAL_ACCENT_COLOR_NAME = AccentColor;
				CODE_SIGN_STYLE = Automatic;
				CURRENT_PROJECT_VERSION = 1;
				DEVELOPMENT_TEAM = N7W6HJZX49;
				GENERATE_INFOPLIST_FILE = YES;
				INFOPLIST_FILE = ConvertCoin/Info.plist;
				INFOPLIST_KEY_UIApplicationSupportsIndirectInputEvents = YES;
				INFOPLIST_KEY_UILaunchStoryboardName = LaunchScreen;
				INFOPLIST_KEY_UIMainStoryboardFile = Main;
				INFOPLIST_KEY_UISupportedInterfaceOrientations_iPad = "UIInterfaceOrientationPortrait UIInterfaceOrientationPortraitUpsideDown UIInterfaceOrientationLandscapeLeft UIInterfaceOrientationLandscapeRight";
				INFOPLIST_KEY_UISupportedInterfaceOrientations_iPhone = "UIInterfaceOrientationPortrait UIInterfaceOrientationLandscapeLeft UIInterfaceOrientationLandscapeRight";
				LD_RUNPATH_SEARCH_PATHS = (
					"$(inherited)",
					"@executable_path/Frameworks",
				);
				MARKETING_VERSION = 1.0;
				PRODUCT_BUNDLE_IDENTIFIER = kauekaj.ConvertCoin;
				PRODUCT_NAME = "$(TARGET_NAME)";
				SWIFT_EMIT_LOC_STRINGS = YES;
				SWIFT_VERSION = 5.0;
				TARGETED_DEVICE_FAMILY = "1,2";
			};
			name = Debug;
		};
		961651A52940A577008E1575 /* Release */ = {
			isa = XCBuildConfiguration;
			baseConfigurationReference = E89653E3DDE8391BC5D48825 /* Pods-ConvertCoin.release.xcconfig */;
			buildSettings = {
				ASSETCATALOG_COMPILER_APPICON_NAME = AppIcon;
				ASSETCATALOG_COMPILER_GLOBAL_ACCENT_COLOR_NAME = AccentColor;
				CODE_SIGN_STYLE = Automatic;
				CURRENT_PROJECT_VERSION = 1;
				DEVELOPMENT_TEAM = N7W6HJZX49;
				GENERATE_INFOPLIST_FILE = YES;
				INFOPLIST_FILE = ConvertCoin/Info.plist;
				INFOPLIST_KEY_UIApplicationSupportsIndirectInputEvents = YES;
				INFOPLIST_KEY_UILaunchStoryboardName = LaunchScreen;
				INFOPLIST_KEY_UIMainStoryboardFile = Main;
				INFOPLIST_KEY_UISupportedInterfaceOrientations_iPad = "UIInterfaceOrientationPortrait UIInterfaceOrientationPortraitUpsideDown UIInterfaceOrientationLandscapeLeft UIInterfaceOrientationLandscapeRight";
				INFOPLIST_KEY_UISupportedInterfaceOrientations_iPhone = "UIInterfaceOrientationPortrait UIInterfaceOrientationLandscapeLeft UIInterfaceOrientationLandscapeRight";
				LD_RUNPATH_SEARCH_PATHS = (
					"$(inherited)",
					"@executable_path/Frameworks",
				);
				MARKETING_VERSION = 1.0;
				PRODUCT_BUNDLE_IDENTIFIER = kauekaj.ConvertCoin;
				PRODUCT_NAME = "$(TARGET_NAME)";
				SWIFT_EMIT_LOC_STRINGS = YES;
				SWIFT_VERSION = 5.0;
				TARGETED_DEVICE_FAMILY = "1,2";
			};
			name = Release;
		};
		961651A72940A577008E1575 /* Debug */ = {
			isa = XCBuildConfiguration;
			baseConfigurationReference = 186F0E6060CD68CD376FFA4C /* Pods-ConvertCoinTests.debug.xcconfig */;
			buildSettings = {
				ALWAYS_EMBED_SWIFT_STANDARD_LIBRARIES = YES;
				BUNDLE_LOADER = "$(TEST_HOST)";
				CODE_SIGN_STYLE = Automatic;
				CURRENT_PROJECT_VERSION = 1;
				DEVELOPMENT_TEAM = N7W6HJZX49;
				GENERATE_INFOPLIST_FILE = YES;
				IPHONEOS_DEPLOYMENT_TARGET = 15.5;
				MARKETING_VERSION = 1.0;
				PRODUCT_BUNDLE_IDENTIFIER = kauekaj.ConvertCoinTests;
				PRODUCT_NAME = "$(TARGET_NAME)";
				SWIFT_EMIT_LOC_STRINGS = NO;
				SWIFT_VERSION = 5.0;
				TARGETED_DEVICE_FAMILY = "1,2";
				TEST_HOST = "$(BUILT_PRODUCTS_DIR)/ConvertCoin.app/ConvertCoin";
			};
			name = Debug;
		};
		961651A82940A577008E1575 /* Release */ = {
			isa = XCBuildConfiguration;
			baseConfigurationReference = A534E150B207AAE08B6F2210 /* Pods-ConvertCoinTests.release.xcconfig */;
			buildSettings = {
				ALWAYS_EMBED_SWIFT_STANDARD_LIBRARIES = YES;
				BUNDLE_LOADER = "$(TEST_HOST)";
				CODE_SIGN_STYLE = Automatic;
				CURRENT_PROJECT_VERSION = 1;
				DEVELOPMENT_TEAM = N7W6HJZX49;
				GENERATE_INFOPLIST_FILE = YES;
				IPHONEOS_DEPLOYMENT_TARGET = 15.5;
				MARKETING_VERSION = 1.0;
				PRODUCT_BUNDLE_IDENTIFIER = kauekaj.ConvertCoinTests;
				PRODUCT_NAME = "$(TARGET_NAME)";
				SWIFT_EMIT_LOC_STRINGS = NO;
				SWIFT_VERSION = 5.0;
				TARGETED_DEVICE_FAMILY = "1,2";
				TEST_HOST = "$(BUILT_PRODUCTS_DIR)/ConvertCoin.app/ConvertCoin";
			};
			name = Release;
		};
		961651AA2940A577008E1575 /* Debug */ = {
			isa = XCBuildConfiguration;
			baseConfigurationReference = 3B03084A956C6BD9E3BACDA0 /* Pods-ConvertCoin-ConvertCoinUITests.debug.xcconfig */;
			buildSettings = {
				ALWAYS_EMBED_SWIFT_STANDARD_LIBRARIES = YES;
				CODE_SIGN_STYLE = Automatic;
				CURRENT_PROJECT_VERSION = 1;
				DEVELOPMENT_TEAM = N7W6HJZX49;
				GENERATE_INFOPLIST_FILE = YES;
				MARKETING_VERSION = 1.0;
				PRODUCT_BUNDLE_IDENTIFIER = kauekaj.ConvertCoinUITests;
				PRODUCT_NAME = "$(TARGET_NAME)";
				SWIFT_EMIT_LOC_STRINGS = NO;
				SWIFT_VERSION = 5.0;
				TARGETED_DEVICE_FAMILY = "1,2";
				TEST_TARGET_NAME = ConvertCoin;
			};
			name = Debug;
		};
		961651AB2940A577008E1575 /* Release */ = {
			isa = XCBuildConfiguration;
			baseConfigurationReference = 546077DF4F0D563753358767 /* Pods-ConvertCoin-ConvertCoinUITests.release.xcconfig */;
			buildSettings = {
				ALWAYS_EMBED_SWIFT_STANDARD_LIBRARIES = YES;
				CODE_SIGN_STYLE = Automatic;
				CURRENT_PROJECT_VERSION = 1;
				DEVELOPMENT_TEAM = N7W6HJZX49;
				GENERATE_INFOPLIST_FILE = YES;
				MARKETING_VERSION = 1.0;
				PRODUCT_BUNDLE_IDENTIFIER = kauekaj.ConvertCoinUITests;
				PRODUCT_NAME = "$(TARGET_NAME)";
				SWIFT_EMIT_LOC_STRINGS = NO;
				SWIFT_VERSION = 5.0;
				TARGETED_DEVICE_FAMILY = "1,2";
				TEST_TARGET_NAME = ConvertCoin;
			};
			name = Release;
		};
/* End XCBuildConfiguration section */

/* Begin XCConfigurationList section */
		961651712940A574008E1575 /* Build configuration list for PBXProject "ConvertCoin" */ = {
			isa = XCConfigurationList;
			buildConfigurations = (
				961651A12940A577008E1575 /* Debug */,
				961651A22940A577008E1575 /* Release */,
			);
			defaultConfigurationIsVisible = 0;
			defaultConfigurationName = Release;
		};
		961651A32940A577008E1575 /* Build configuration list for PBXNativeTarget "ConvertCoin" */ = {
			isa = XCConfigurationList;
			buildConfigurations = (
				961651A42940A577008E1575 /* Debug */,
				961651A52940A577008E1575 /* Release */,
			);
			defaultConfigurationIsVisible = 0;
			defaultConfigurationName = Release;
		};
		961651A62940A577008E1575 /* Build configuration list for PBXNativeTarget "ConvertCoinTests" */ = {
			isa = XCConfigurationList;
			buildConfigurations = (
				961651A72940A577008E1575 /* Debug */,
				961651A82940A577008E1575 /* Release */,
			);
			defaultConfigurationIsVisible = 0;
			defaultConfigurationName = Release;
		};
		961651A92940A577008E1575 /* Build configuration list for PBXNativeTarget "ConvertCoinUITests" */ = {
			isa = XCConfigurationList;
			buildConfigurations = (
				961651AA2940A577008E1575 /* Debug */,
				961651AB2940A577008E1575 /* Release */,
			);
			defaultConfigurationIsVisible = 0;
			defaultConfigurationName = Release;
		};
/* End XCConfigurationList section */

/* Begin XCVersionGroup section */
		961651822940A574008E1575 /* ConvertCoin.xcdatamodeld */ = {
			isa = XCVersionGroup;
			children = (
				961651832940A574008E1575 /* ConvertCoin.xcdatamodel */,
			);
			currentVersion = 961651832940A574008E1575 /* ConvertCoin.xcdatamodel */;
			path = ConvertCoin.xcdatamodeld;
			sourceTree = "<group>";
			versionGroupType = wrapper.xcdatamodel;
		};
/* End XCVersionGroup section */
	};
	rootObject = 9616516E2940A574008E1575 /* Project object */;
}
